
Microsoft Visual Studio Solution File, Format Version 12.00
# Visual Studio Version 16
VisualStudioVersion = 16.0.30711.63
MinimumVisualStudioVersion = 10.0.40219.1
Project("{8BC9CEB8-8B4A-11D0-8D11-00A0C91BC942}") = "Bai001", "Bai001\Bai001.vcxproj", "{F956D9B3-8FC9-4F6E-9987-BE13CB84A4BA}"
EndProject
Project("{8BC9CEB8-8B4A-11D0-8D11-00A0C91BC942}") = "Bai002", "Bai002\Bai002.vcxproj", "{CE3E3BCB-F270-40EC-ACE8-EE312AC4E6E3}"
EndProject
Project("{8BC9CEB8-8B4A-11D0-8D11-00A0C91BC942}") = "Bai003", "Bai003\Bai003.vcxproj", "{20A1C386-05D0-4EA0-83CE-A54DE78428CD}"
EndProject
Project("{8BC9CEB8-8B4A-11D0-8D11-00A0C91BC942}") = "Bai004", "Bai004\Bai004.vcxproj", "{B6FEE49B-5260-47AF-B765-AE5FCEDC78FE}"
EndProject
Project("{8BC9CEB8-8B4A-11D0-8D11-00A0C91BC942}") = "Bai005", "Bai005\Bai005.vcxproj", "{0E90F18D-94FB-4321-9C40-7CB0EDB56629}"
EndProject
Project("{8BC9CEB8-8B4A-11D0-8D11-00A0C91BC942}") = "Bai006", "Bai006\Bai006.vcxproj", "{AFA31B12-23E7-44DF-98BA-48E6165A7916}"
EndProject
Project("{8BC9CEB8-8B4A-11D0-8D11-00A0C91BC942}") = "Bai007", "Bai007\Bai007.vcxproj", "{5CE96B3F-7EC9-4B24-9D86-82F26B906B5F}"
EndProject
Global
	GlobalSection(SolutionConfigurationPlatforms) = preSolution
		Debug|x64 = Debug|x64
		Debug|x86 = Debug|x86
		Release|x64 = Release|x64
		Release|x86 = Release|x86
	EndGlobalSection
	GlobalSection(ProjectConfigurationPlatforms) = postSolution
		{F956D9B3-8FC9-4F6E-9987-BE13CB84A4BA}.Debug|x64.ActiveCfg = Debug|x64
		{F956D9B3-8FC9-4F6E-9987-BE13CB84A4BA}.Debug|x64.Build.0 = Debug|x64
		{F956D9B3-8FC9-4F6E-9987-BE13CB84A4BA}.Debug|x86.ActiveCfg = Debug|Win32
		{F956D9B3-8FC9-4F6E-9987-BE13CB84A4BA}.Debug|x86.Build.0 = Debug|Win32
		{F956D9B3-8FC9-4F6E-9987-BE13CB84A4BA}.Release|x64.ActiveCfg = Release|x64
		{F956D9B3-8FC9-4F6E-9987-BE13CB84A4BA}.Release|x64.Build.0 = Release|x64
		{F956D9B3-8FC9-4F6E-9987-BE13CB84A4BA}.Release|x86.ActiveCfg = Release|Win32
		{F956D9B3-8FC9-4F6E-9987-BE13CB84A4BA}.Release|x86.Build.0 = Release|Win32
		{CE3E3BCB-F270-40EC-ACE8-EE312AC4E6E3}.Debug|x64.ActiveCfg = Debug|x64
		{CE3E3BCB-F270-40EC-ACE8-EE312AC4E6E3}.Debug|x64.Build.0 = Debug|x64
		{CE3E3BCB-F270-40EC-ACE8-EE312AC4E6E3}.Debug|x86.ActiveCfg = Debug|Win32
		{CE3E3BCB-F270-40EC-ACE8-EE312AC4E6E3}.Debug|x86.Build.0 = Debug|Win32
		{CE3E3BCB-F270-40EC-ACE8-EE312AC4E6E3}.Release|x64.ActiveCfg = Release|x64
		{CE3E3BCB-F270-40EC-ACE8-EE312AC4E6E3}.Release|x64.Build.0 = Release|x64
		{CE3E3BCB-F270-40EC-ACE8-EE312AC4E6E3}.Release|x86.ActiveCfg = Release|Win32
		{CE3E3BCB-F270-40EC-ACE8-EE312AC4E6E3}.Release|x86.Build.0 = Release|Win32
		{20A1C386-05D0-4EA0-83CE-A54DE78428CD}.Debug|x64.ActiveCfg = Debug|x64
		{20A1C386-05D0-4EA0-83CE-A54DE78428CD}.Debug|x64.Build.0 = Debug|x64
		{20A1C386-05D0-4EA0-83CE-A54DE78428CD}.Debug|x86.ActiveCfg = Debug|Win32
		{20A1C386-05D0-4EA0-83CE-A54DE78428CD}.Debug|x86.Build.0 = Debug|Win32
		{20A1C386-05D0-4EA0-83CE-A54DE78428CD}.Release|x64.ActiveCfg = Release|x64
		{20A1C386-05D0-4EA0-83CE-A54DE78428CD}.Release|x64.Build.0 = Release|x64
		{20A1C386-05D0-4EA0-83CE-A54DE78428CD}.Release|x86.ActiveCfg = Release|Win32
		{20A1C386-05D0-4EA0-83CE-A54DE78428CD}.Release|x86.Build.0 = Release|Win32
		{B6FEE49B-5260-47AF-B765-AE5FCEDC78FE}.Debug|x64.ActiveCfg = Debug|x64
		{B6FEE49B-5260-47AF-B765-AE5FCEDC78FE}.Debug|x64.Build.0 = Debug|x64
		{B6FEE49B-5260-47AF-B765-AE5FCEDC78FE}.Debug|x86.ActiveCfg = Debug|Win32
		{B6FEE49B-5260-47AF-B765-AE5FCEDC78FE}.Debug|x86.Build.0 = Debug|Win32
		{B6FEE49B-5260-47AF-B765-AE5FCEDC78FE}.Release|x64.ActiveCfg = Release|x64
		{B6FEE49B-5260-47AF-B765-AE5FCEDC78FE}.Release|x64.Build.0 = Release|x64
		{B6FEE49B-5260-47AF-B765-AE5FCEDC78FE}.Release|x86.ActiveCfg = Release|Win32
		{B6FEE49B-5260-47AF-B765-AE5FCEDC78FE}.Release|x86.Build.0 = Release|Win32
		{0E90F18D-94FB-4321-9C40-7CB0EDB56629}.Debug|x64.ActiveCfg = Debug|x64
		{0E90F18D-94FB-4321-9C40-7CB0EDB56629}.Debug|x64.Build.0 = Debug|x64
		{0E90F18D-94FB-4321-9C40-7CB0EDB56629}.Debug|x86.ActiveCfg = Debug|Win32
		{0E90F18D-94FB-4321-9C40-7CB0EDB56629}.Debug|x86.Build.0 = Debug|Win32
		{0E90F18D-94FB-4321-9C40-7CB0EDB56629}.Release|x64.ActiveCfg = Release|x64
		{0E90F18D-94FB-4321-9C40-7CB0EDB56629}.Release|x64.Build.0 = Release|x64
		{0E90F18D-94FB-4321-9C40-7CB0EDB56629}.Release|x86.ActiveCfg = Release|Win32
		{0E90F18D-94FB-4321-9C40-7CB0EDB56629}.Release|x86.Build.0 = Release|Win32
		{AFA31B12-23E7-44DF-98BA-48E6165A7916}.Debug|x64.ActiveCfg = Debug|x64
		{AFA31B12-23E7-44DF-98BA-48E6165A7916}.Debug|x64.Build.0 = Debug|x64
		{AFA31B12-23E7-44DF-98BA-48E6165A7916}.Debug|x86.ActiveCfg = Debug|Win32
		{AFA31B12-23E7-44DF-98BA-48E6165A7916}.Debug|x86.Build.0 = Debug|Win32
		{AFA31B12-23E7-44DF-98BA-48E6165A7916}.Release|x64.ActiveCfg = Release|x64
		{AFA31B12-23E7-44DF-98BA-48E6165A7916}.Release|x64.Build.0 = Release|x64
		{AFA31B12-23E7-44DF-98BA-48E6165A7916}.Release|x86.ActiveCfg = Release|Win32
		{AFA31B12-23E7-44DF-98BA-48E6165A7916}.Release|x86.Build.0 = Release|Win32
		{5CE96B3F-7EC9-4B24-9D86-82F26B906B5F}.Debug|x64.ActiveCfg = Debug|x64
		{5CE96B3F-7EC9-4B24-9D86-82F26B906B5F}.Debug|x64.Build.0 = Debug|x64
		{5CE96B3F-7EC9-4B24-9D86-82F26B906B5F}.Debug|x86.ActiveCfg = Debug|Win32
		{5CE96B3F-7EC9-4B24-9D86-82F26B906B5F}.Debug|x86.Build.0 = Debug|Win32
		{5CE96B3F-7EC9-4B24-9D86-82F26B906B5F}.Release|x64.ActiveCfg = Release|x64
		{5CE96B3F-7EC9-4B24-9D86-82F26B906B5F}.Release|x64.Build.0 = Release|x64
		{5CE96B3F-7EC9-4B24-9D86-82F26B906B5F}.Release|x86.ActiveCfg = Release|Win32
		{5CE96B3F-7EC9-4B24-9D86-82F26B906B5F}.Release|x86.Build.0 = Release|Win32
	EndGlobalSection
	GlobalSection(SolutionProperties) = preSolution
		HideSolutionNode = FALSE
	EndGlobalSection
	GlobalSection(ExtensibilityGlobals) = postSolution
		SolutionGuid = {2BD0D2D5-51A2-4BA9-AFC5-BECFC5A1C551}
	EndGlobalSection
EndGlobal
