
Microsoft Visual Studio Solution File, Format Version 12.00
# Visual Studio Version 16
VisualStudioVersion = 16.0.31205.134
MinimumVisualStudioVersion = 10.0.40219.1
Project("{8BC9CEB8-8B4A-11D0-8D11-00A0C91BC942}") = "Cau1", "BTLT02\BTLT02.vcxproj", "{EB8546D9-CA5C-4031-A415-1488A43BB3B5}"
EndProject
Project("{8BC9CEB8-8B4A-11D0-8D11-00A0C91BC942}") = "Cau2", "Cau2\Cau2.vcxproj", "{35D91965-8114-4693-903E-6608E58142D5}"
EndProject
Global
	GlobalSection(SolutionConfigurationPlatforms) = preSolution
		Debug|x64 = Debug|x64
		Debug|x86 = Debug|x86
		Release|x64 = Release|x64
		Release|x86 = Release|x86
	EndGlobalSection
	GlobalSection(ProjectConfigurationPlatforms) = postSolution
		{EB8546D9-CA5C-4031-A415-1488A43BB3B5}.Debug|x64.ActiveCfg = Debug|x64
		{EB8546D9-CA5C-4031-A415-1488A43BB3B5}.Debug|x64.Build.0 = Debug|x64
		{EB8546D9-CA5C-4031-A415-1488A43BB3B5}.Debug|x86.ActiveCfg = Debug|Win32
		{EB8546D9-CA5C-4031-A415-1488A43BB3B5}.Debug|x86.Build.0 = Debug|Win32
		{EB8546D9-CA5C-4031-A415-1488A43BB3B5}.Release|x64.ActiveCfg = Release|x64
		{EB8546D9-CA5C-4031-A415-1488A43BB3B5}.Release|x64.Build.0 = Release|x64
		{EB8546D9-CA5C-4031-A415-1488A43BB3B5}.Release|x86.ActiveCfg = Release|Win32
		{EB8546D9-CA5C-4031-A415-1488A43BB3B5}.Release|x86.Build.0 = Release|Win32
		{35D91965-8114-4693-903E-6608E58142D5}.Debug|x64.ActiveCfg = Debug|x64
		{35D91965-8114-4693-903E-6608E58142D5}.Debug|x64.Build.0 = Debug|x64
		{35D91965-8114-4693-903E-6608E58142D5}.Debug|x86.ActiveCfg = Debug|Win32
		{35D91965-8114-4693-903E-6608E58142D5}.Debug|x86.Build.0 = Debug|Win32
		{35D91965-8114-4693-903E-6608E58142D5}.Release|x64.ActiveCfg = Release|x64
		{35D91965-8114-4693-903E-6608E58142D5}.Release|x64.Build.0 = Release|x64
		{35D91965-8114-4693-903E-6608E58142D5}.Release|x86.ActiveCfg = Release|Win32
		{35D91965-8114-4693-903E-6608E58142D5}.Release|x86.Build.0 = Release|Win32
	EndGlobalSection
	GlobalSection(SolutionProperties) = preSolution
		HideSolutionNode = FALSE
	EndGlobalSection
	GlobalSection(ExtensibilityGlobals) = postSolution
		SolutionGuid = {F2C14135-AB0B-43D3-9E5F-D7CB0FCF9BCE}
	EndGlobalSection
EndGlobal
