
Microsoft Visual Studio Solution File, Format Version 12.00
# Visual Studio Version 16
VisualStudioVersion = 16.0.30711.63
MinimumVisualStudioVersion = 10.0.40219.1
Project("{8BC9CEB8-8B4A-11D0-8D11-00A0C91BC942}") = "Bai001", "Bai001\Bai001.vcxproj", "{D771442A-33CE-4611-BF4B-251DD5C2FF99}"
EndProject
Project("{8BC9CEB8-8B4A-11D0-8D11-00A0C91BC942}") = "Bai002", "Bai002\Bai002.vcxproj", "{DA5F846C-D45F-404A-BA1A-4B0001824E41}"
EndProject
Project("{8BC9CEB8-8B4A-11D0-8D11-00A0C91BC942}") = "Bai003", "Bai003\Bai003.vcxproj", "{E8B04C93-6466-40B6-8F1C-83F6591E970D}"
EndProject
Project("{8BC9CEB8-8B4A-11D0-8D11-00A0C91BC942}") = "Bai004", "Bai004\Bai004.vcxproj", "{3FD1828C-14B6-459C-9C4D-8FEB4CBD43BA}"
EndProject
Project("{8BC9CEB8-8B4A-11D0-8D11-00A0C91BC942}") = "Bai005", "Bai005\Bai005.vcxproj", "{3A59D2AC-5553-4E33-A873-3DDEE426A482}"
EndProject
Project("{8BC9CEB8-8B4A-11D0-8D11-00A0C91BC942}") = "Bai006", "Bai006\Bai006.vcxproj", "{615A1861-81DA-4494-8FBE-D8AC0610AF61}"
EndProject
Project("{8BC9CEB8-8B4A-11D0-8D11-00A0C91BC942}") = "Bai007", "Bai007\Bai007.vcxproj", "{55AC398F-29A5-4E41-90AD-859F1A9AF55F}"
EndProject
Project("{8BC9CEB8-8B4A-11D0-8D11-00A0C91BC942}") = "Bai008", "Bai008\Bai008.vcxproj", "{B96A1BBB-9198-42A4-92B2-DACB2A7818C4}"
EndProject
Project("{8BC9CEB8-8B4A-11D0-8D11-00A0C91BC942}") = "Bai009", "Bai009\Bai009.vcxproj", "{AAD62C06-DDBD-40BD-8D6A-D54CC7D89341}"
EndProject
Project("{8BC9CEB8-8B4A-11D0-8D11-00A0C91BC942}") = "Bai010", "Bai010\Bai010.vcxproj", "{9A1C829D-2CD2-48D1-9456-B7CAB4ED48ED}"
EndProject
Project("{8BC9CEB8-8B4A-11D0-8D11-00A0C91BC942}") = "Bai011", "Bai011\Bai011.vcxproj", "{6F4EE9D3-2986-46B2-AA10-91E1CBF1316C}"
EndProject
Project("{8BC9CEB8-8B4A-11D0-8D11-00A0C91BC942}") = "Bai012to021", "Bai012\Bai012.vcxproj", "{87E87DA8-5673-400A-80C2-6F592754C89E}"
EndProject
Project("{8BC9CEB8-8B4A-11D0-8D11-00A0C91BC942}") = "Bai022to024", "Bai022\Bai022.vcxproj", "{89133EC3-D6D2-4A15-9C4F-CF7BE4F797E9}"
EndProject
Project("{8BC9CEB8-8B4A-11D0-8D11-00A0C91BC942}") = "Bai025to026", "Bai025\Bai025.vcxproj", "{0F1CF78B-F882-48DA-A5D7-DC9D5F111E42}"
EndProject
Project("{8BC9CEB8-8B4A-11D0-8D11-00A0C91BC942}") = "Bai027to048", "Bai027to048\Bai027to048.vcxproj", "{729A2246-347C-489C-9527-A8F9E2B2FB4C}"
EndProject
Project("{8BC9CEB8-8B4A-11D0-8D11-00A0C91BC942}") = "Bai049to057", "Bai049to057\Bai049to057.vcxproj", "{FACD8D1D-D3D2-4D6A-A356-D5E81EFE01C8}"
EndProject
Project("{8BC9CEB8-8B4A-11D0-8D11-00A0C91BC942}") = "Bai058to067", "Bai058to067\Bai058to067.vcxproj", "{EEE37849-08AC-4B8D-85ED-0229E1C72569}"
EndProject
Project("{8BC9CEB8-8B4A-11D0-8D11-00A0C91BC942}") = "Bai068", "Bai068\Bai068.vcxproj", "{13EFE78D-0540-4135-9D6C-BEC32FFB8F09}"
EndProject
Global
	GlobalSection(SolutionConfigurationPlatforms) = preSolution
		Debug|x64 = Debug|x64
		Debug|x86 = Debug|x86
		Release|x64 = Release|x64
		Release|x86 = Release|x86
	EndGlobalSection
	GlobalSection(ProjectConfigurationPlatforms) = postSolution
		{D771442A-33CE-4611-BF4B-251DD5C2FF99}.Debug|x64.ActiveCfg = Debug|x64
		{D771442A-33CE-4611-BF4B-251DD5C2FF99}.Debug|x64.Build.0 = Debug|x64
		{D771442A-33CE-4611-BF4B-251DD5C2FF99}.Debug|x86.ActiveCfg = Debug|Win32
		{D771442A-33CE-4611-BF4B-251DD5C2FF99}.Debug|x86.Build.0 = Debug|Win32
		{D771442A-33CE-4611-BF4B-251DD5C2FF99}.Release|x64.ActiveCfg = Release|x64
		{D771442A-33CE-4611-BF4B-251DD5C2FF99}.Release|x64.Build.0 = Release|x64
		{D771442A-33CE-4611-BF4B-251DD5C2FF99}.Release|x86.ActiveCfg = Release|Win32
		{D771442A-33CE-4611-BF4B-251DD5C2FF99}.Release|x86.Build.0 = Release|Win32
		{DA5F846C-D45F-404A-BA1A-4B0001824E41}.Debug|x64.ActiveCfg = Debug|x64
		{DA5F846C-D45F-404A-BA1A-4B0001824E41}.Debug|x64.Build.0 = Debug|x64
		{DA5F846C-D45F-404A-BA1A-4B0001824E41}.Debug|x86.ActiveCfg = Debug|Win32
		{DA5F846C-D45F-404A-BA1A-4B0001824E41}.Debug|x86.Build.0 = Debug|Win32
		{DA5F846C-D45F-404A-BA1A-4B0001824E41}.Release|x64.ActiveCfg = Release|x64
		{DA5F846C-D45F-404A-BA1A-4B0001824E41}.Release|x64.Build.0 = Release|x64
		{DA5F846C-D45F-404A-BA1A-4B0001824E41}.Release|x86.ActiveCfg = Release|Win32
		{DA5F846C-D45F-404A-BA1A-4B0001824E41}.Release|x86.Build.0 = Release|Win32
		{E8B04C93-6466-40B6-8F1C-83F6591E970D}.Debug|x64.ActiveCfg = Debug|x64
		{E8B04C93-6466-40B6-8F1C-83F6591E970D}.Debug|x64.Build.0 = Debug|x64
		{E8B04C93-6466-40B6-8F1C-83F6591E970D}.Debug|x86.ActiveCfg = Debug|Win32
		{E8B04C93-6466-40B6-8F1C-83F6591E970D}.Debug|x86.Build.0 = Debug|Win32
		{E8B04C93-6466-40B6-8F1C-83F6591E970D}.Release|x64.ActiveCfg = Release|x64
		{E8B04C93-6466-40B6-8F1C-83F6591E970D}.Release|x64.Build.0 = Release|x64
		{E8B04C93-6466-40B6-8F1C-83F6591E970D}.Release|x86.ActiveCfg = Release|Win32
		{E8B04C93-6466-40B6-8F1C-83F6591E970D}.Release|x86.Build.0 = Release|Win32
		{3FD1828C-14B6-459C-9C4D-8FEB4CBD43BA}.Debug|x64.ActiveCfg = Debug|x64
		{3FD1828C-14B6-459C-9C4D-8FEB4CBD43BA}.Debug|x64.Build.0 = Debug|x64
		{3FD1828C-14B6-459C-9C4D-8FEB4CBD43BA}.Debug|x86.ActiveCfg = Debug|Win32
		{3FD1828C-14B6-459C-9C4D-8FEB4CBD43BA}.Debug|x86.Build.0 = Debug|Win32
		{3FD1828C-14B6-459C-9C4D-8FEB4CBD43BA}.Release|x64.ActiveCfg = Release|x64
		{3FD1828C-14B6-459C-9C4D-8FEB4CBD43BA}.Release|x64.Build.0 = Release|x64
		{3FD1828C-14B6-459C-9C4D-8FEB4CBD43BA}.Release|x86.ActiveCfg = Release|Win32
		{3FD1828C-14B6-459C-9C4D-8FEB4CBD43BA}.Release|x86.Build.0 = Release|Win32
		{3A59D2AC-5553-4E33-A873-3DDEE426A482}.Debug|x64.ActiveCfg = Debug|x64
		{3A59D2AC-5553-4E33-A873-3DDEE426A482}.Debug|x64.Build.0 = Debug|x64
		{3A59D2AC-5553-4E33-A873-3DDEE426A482}.Debug|x86.ActiveCfg = Debug|Win32
		{3A59D2AC-5553-4E33-A873-3DDEE426A482}.Debug|x86.Build.0 = Debug|Win32
		{3A59D2AC-5553-4E33-A873-3DDEE426A482}.Release|x64.ActiveCfg = Release|x64
		{3A59D2AC-5553-4E33-A873-3DDEE426A482}.Release|x64.Build.0 = Release|x64
		{3A59D2AC-5553-4E33-A873-3DDEE426A482}.Release|x86.ActiveCfg = Release|Win32
		{3A59D2AC-5553-4E33-A873-3DDEE426A482}.Release|x86.Build.0 = Release|Win32
		{615A1861-81DA-4494-8FBE-D8AC0610AF61}.Debug|x64.ActiveCfg = Debug|x64
		{615A1861-81DA-4494-8FBE-D8AC0610AF61}.Debug|x64.Build.0 = Debug|x64
		{615A1861-81DA-4494-8FBE-D8AC0610AF61}.Debug|x86.ActiveCfg = Debug|Win32
		{615A1861-81DA-4494-8FBE-D8AC0610AF61}.Debug|x86.Build.0 = Debug|Win32
		{615A1861-81DA-4494-8FBE-D8AC0610AF61}.Release|x64.ActiveCfg = Release|x64
		{615A1861-81DA-4494-8FBE-D8AC0610AF61}.Release|x64.Build.0 = Release|x64
		{615A1861-81DA-4494-8FBE-D8AC0610AF61}.Release|x86.ActiveCfg = Release|Win32
		{615A1861-81DA-4494-8FBE-D8AC0610AF61}.Release|x86.Build.0 = Release|Win32
		{55AC398F-29A5-4E41-90AD-859F1A9AF55F}.Debug|x64.ActiveCfg = Debug|x64
		{55AC398F-29A5-4E41-90AD-859F1A9AF55F}.Debug|x64.Build.0 = Debug|x64
		{55AC398F-29A5-4E41-90AD-859F1A9AF55F}.Debug|x86.ActiveCfg = Debug|Win32
		{55AC398F-29A5-4E41-90AD-859F1A9AF55F}.Debug|x86.Build.0 = Debug|Win32
		{55AC398F-29A5-4E41-90AD-859F1A9AF55F}.Release|x64.ActiveCfg = Release|x64
		{55AC398F-29A5-4E41-90AD-859F1A9AF55F}.Release|x64.Build.0 = Release|x64
		{55AC398F-29A5-4E41-90AD-859F1A9AF55F}.Release|x86.ActiveCfg = Release|Win32
		{55AC398F-29A5-4E41-90AD-859F1A9AF55F}.Release|x86.Build.0 = Release|Win32
		{B96A1BBB-9198-42A4-92B2-DACB2A7818C4}.Debug|x64.ActiveCfg = Debug|x64
		{B96A1BBB-9198-42A4-92B2-DACB2A7818C4}.Debug|x64.Build.0 = Debug|x64
		{B96A1BBB-9198-42A4-92B2-DACB2A7818C4}.Debug|x86.ActiveCfg = Debug|Win32
		{B96A1BBB-9198-42A4-92B2-DACB2A7818C4}.Debug|x86.Build.0 = Debug|Win32
		{B96A1BBB-9198-42A4-92B2-DACB2A7818C4}.Release|x64.ActiveCfg = Release|x64
		{B96A1BBB-9198-42A4-92B2-DACB2A7818C4}.Release|x64.Build.0 = Release|x64
		{B96A1BBB-9198-42A4-92B2-DACB2A7818C4}.Release|x86.ActiveCfg = Release|Win32
		{B96A1BBB-9198-42A4-92B2-DACB2A7818C4}.Release|x86.Build.0 = Release|Win32
		{AAD62C06-DDBD-40BD-8D6A-D54CC7D89341}.Debug|x64.ActiveCfg = Debug|x64
		{AAD62C06-DDBD-40BD-8D6A-D54CC7D89341}.Debug|x64.Build.0 = Debug|x64
		{AAD62C06-DDBD-40BD-8D6A-D54CC7D89341}.Debug|x86.ActiveCfg = Debug|Win32
		{AAD62C06-DDBD-40BD-8D6A-D54CC7D89341}.Debug|x86.Build.0 = Debug|Win32
		{AAD62C06-DDBD-40BD-8D6A-D54CC7D89341}.Release|x64.ActiveCfg = Release|x64
		{AAD62C06-DDBD-40BD-8D6A-D54CC7D89341}.Release|x64.Build.0 = Release|x64
		{AAD62C06-DDBD-40BD-8D6A-D54CC7D89341}.Release|x86.ActiveCfg = Release|Win32
		{AAD62C06-DDBD-40BD-8D6A-D54CC7D89341}.Release|x86.Build.0 = Release|Win32
		{9A1C829D-2CD2-48D1-9456-B7CAB4ED48ED}.Debug|x64.ActiveCfg = Debug|x64
		{9A1C829D-2CD2-48D1-9456-B7CAB4ED48ED}.Debug|x64.Build.0 = Debug|x64
		{9A1C829D-2CD2-48D1-9456-B7CAB4ED48ED}.Debug|x86.ActiveCfg = Debug|Win32
		{9A1C829D-2CD2-48D1-9456-B7CAB4ED48ED}.Debug|x86.Build.0 = Debug|Win32
		{9A1C829D-2CD2-48D1-9456-B7CAB4ED48ED}.Release|x64.ActiveCfg = Release|x64
		{9A1C829D-2CD2-48D1-9456-B7CAB4ED48ED}.Release|x64.Build.0 = Release|x64
		{9A1C829D-2CD2-48D1-9456-B7CAB4ED48ED}.Release|x86.ActiveCfg = Release|Win32
		{9A1C829D-2CD2-48D1-9456-B7CAB4ED48ED}.Release|x86.Build.0 = Release|Win32
		{6F4EE9D3-2986-46B2-AA10-91E1CBF1316C}.Debug|x64.ActiveCfg = Debug|x64
		{6F4EE9D3-2986-46B2-AA10-91E1CBF1316C}.Debug|x64.Build.0 = Debug|x64
		{6F4EE9D3-2986-46B2-AA10-91E1CBF1316C}.Debug|x86.ActiveCfg = Debug|Win32
		{6F4EE9D3-2986-46B2-AA10-91E1CBF1316C}.Debug|x86.Build.0 = Debug|Win32
		{6F4EE9D3-2986-46B2-AA10-91E1CBF1316C}.Release|x64.ActiveCfg = Release|x64
		{6F4EE9D3-2986-46B2-AA10-91E1CBF1316C}.Release|x64.Build.0 = Release|x64
		{6F4EE9D3-2986-46B2-AA10-91E1CBF1316C}.Release|x86.ActiveCfg = Release|Win32
		{6F4EE9D3-2986-46B2-AA10-91E1CBF1316C}.Release|x86.Build.0 = Release|Win32
		{87E87DA8-5673-400A-80C2-6F592754C89E}.Debug|x64.ActiveCfg = Debug|x64
		{87E87DA8-5673-400A-80C2-6F592754C89E}.Debug|x64.Build.0 = Debug|x64
		{87E87DA8-5673-400A-80C2-6F592754C89E}.Debug|x86.ActiveCfg = Debug|Win32
		{87E87DA8-5673-400A-80C2-6F592754C89E}.Debug|x86.Build.0 = Debug|Win32
		{87E87DA8-5673-400A-80C2-6F592754C89E}.Release|x64.ActiveCfg = Release|x64
		{87E87DA8-5673-400A-80C2-6F592754C89E}.Release|x64.Build.0 = Release|x64
		{87E87DA8-5673-400A-80C2-6F592754C89E}.Release|x86.ActiveCfg = Release|Win32
		{87E87DA8-5673-400A-80C2-6F592754C89E}.Release|x86.Build.0 = Release|Win32
		{89133EC3-D6D2-4A15-9C4F-CF7BE4F797E9}.Debug|x64.ActiveCfg = Debug|x64
		{89133EC3-D6D2-4A15-9C4F-CF7BE4F797E9}.Debug|x64.Build.0 = Debug|x64
		{89133EC3-D6D2-4A15-9C4F-CF7BE4F797E9}.Debug|x86.ActiveCfg = Debug|Win32
		{89133EC3-D6D2-4A15-9C4F-CF7BE4F797E9}.Debug|x86.Build.0 = Debug|Win32
		{89133EC3-D6D2-4A15-9C4F-CF7BE4F797E9}.Release|x64.ActiveCfg = Release|x64
		{89133EC3-D6D2-4A15-9C4F-CF7BE4F797E9}.Release|x64.Build.0 = Release|x64
		{89133EC3-D6D2-4A15-9C4F-CF7BE4F797E9}.Release|x86.ActiveCfg = Release|Win32
		{89133EC3-D6D2-4A15-9C4F-CF7BE4F797E9}.Release|x86.Build.0 = Release|Win32
		{0F1CF78B-F882-48DA-A5D7-DC9D5F111E42}.Debug|x64.ActiveCfg = Debug|x64
		{0F1CF78B-F882-48DA-A5D7-DC9D5F111E42}.Debug|x64.Build.0 = Debug|x64
		{0F1CF78B-F882-48DA-A5D7-DC9D5F111E42}.Debug|x86.ActiveCfg = Debug|Win32
		{0F1CF78B-F882-48DA-A5D7-DC9D5F111E42}.Debug|x86.Build.0 = Debug|Win32
		{0F1CF78B-F882-48DA-A5D7-DC9D5F111E42}.Release|x64.ActiveCfg = Release|x64
		{0F1CF78B-F882-48DA-A5D7-DC9D5F111E42}.Release|x64.Build.0 = Release|x64
		{0F1CF78B-F882-48DA-A5D7-DC9D5F111E42}.Release|x86.ActiveCfg = Release|Win32
		{0F1CF78B-F882-48DA-A5D7-DC9D5F111E42}.Release|x86.Build.0 = Release|Win32
		{729A2246-347C-489C-9527-A8F9E2B2FB4C}.Debug|x64.ActiveCfg = Debug|x64
		{729A2246-347C-489C-9527-A8F9E2B2FB4C}.Debug|x64.Build.0 = Debug|x64
		{729A2246-347C-489C-9527-A8F9E2B2FB4C}.Debug|x86.ActiveCfg = Debug|Win32
		{729A2246-347C-489C-9527-A8F9E2B2FB4C}.Debug|x86.Build.0 = Debug|Win32
		{729A2246-347C-489C-9527-A8F9E2B2FB4C}.Release|x64.ActiveCfg = Release|x64
		{729A2246-347C-489C-9527-A8F9E2B2FB4C}.Release|x64.Build.0 = Release|x64
		{729A2246-347C-489C-9527-A8F9E2B2FB4C}.Release|x86.ActiveCfg = Release|Win32
		{729A2246-347C-489C-9527-A8F9E2B2FB4C}.Release|x86.Build.0 = Release|Win32
		{FACD8D1D-D3D2-4D6A-A356-D5E81EFE01C8}.Debug|x64.ActiveCfg = Debug|x64
		{FACD8D1D-D3D2-4D6A-A356-D5E81EFE01C8}.Debug|x64.Build.0 = Debug|x64
		{FACD8D1D-D3D2-4D6A-A356-D5E81EFE01C8}.Debug|x86.ActiveCfg = Debug|Win32
		{FACD8D1D-D3D2-4D6A-A356-D5E81EFE01C8}.Debug|x86.Build.0 = Debug|Win32
		{FACD8D1D-D3D2-4D6A-A356-D5E81EFE01C8}.Release|x64.ActiveCfg = Release|x64
		{FACD8D1D-D3D2-4D6A-A356-D5E81EFE01C8}.Release|x64.Build.0 = Release|x64
		{FACD8D1D-D3D2-4D6A-A356-D5E81EFE01C8}.Release|x86.ActiveCfg = Release|Win32
		{FACD8D1D-D3D2-4D6A-A356-D5E81EFE01C8}.Release|x86.Build.0 = Release|Win32
		{EEE37849-08AC-4B8D-85ED-0229E1C72569}.Debug|x64.ActiveCfg = Debug|x64
		{EEE37849-08AC-4B8D-85ED-0229E1C72569}.Debug|x64.Build.0 = Debug|x64
		{EEE37849-08AC-4B8D-85ED-0229E1C72569}.Debug|x86.ActiveCfg = Debug|Win32
		{EEE37849-08AC-4B8D-85ED-0229E1C72569}.Debug|x86.Build.0 = Debug|Win32
		{EEE37849-08AC-4B8D-85ED-0229E1C72569}.Release|x64.ActiveCfg = Release|x64
		{EEE37849-08AC-4B8D-85ED-0229E1C72569}.Release|x64.Build.0 = Release|x64
		{EEE37849-08AC-4B8D-85ED-0229E1C72569}.Release|x86.ActiveCfg = Release|Win32
		{EEE37849-08AC-4B8D-85ED-0229E1C72569}.Release|x86.Build.0 = Release|Win32
		{13EFE78D-0540-4135-9D6C-BEC32FFB8F09}.Debug|x64.ActiveCfg = Debug|x64
		{13EFE78D-0540-4135-9D6C-BEC32FFB8F09}.Debug|x64.Build.0 = Debug|x64
		{13EFE78D-0540-4135-9D6C-BEC32FFB8F09}.Debug|x86.ActiveCfg = Debug|Win32
		{13EFE78D-0540-4135-9D6C-BEC32FFB8F09}.Debug|x86.Build.0 = Debug|Win32
		{13EFE78D-0540-4135-9D6C-BEC32FFB8F09}.Release|x64.ActiveCfg = Release|x64
		{13EFE78D-0540-4135-9D6C-BEC32FFB8F09}.Release|x64.Build.0 = Release|x64
		{13EFE78D-0540-4135-9D6C-BEC32FFB8F09}.Release|x86.ActiveCfg = Release|Win32
		{13EFE78D-0540-4135-9D6C-BEC32FFB8F09}.Release|x86.Build.0 = Release|Win32
	EndGlobalSection
	GlobalSection(SolutionProperties) = preSolution
		HideSolutionNode = FALSE
	EndGlobalSection
	GlobalSection(ExtensibilityGlobals) = postSolution
		SolutionGuid = {1691ABB2-4663-4D47-96A6-5D013258246B}
	EndGlobalSection
EndGlobal
