
Microsoft Visual Studio Solution File, Format Version 12.00
# Visual Studio Version 16
VisualStudioVersion = 16.0.30711.63
MinimumVisualStudioVersion = 10.0.40219.1
Project("{8BC9CEB8-8B4A-11D0-8D11-00A0C91BC942}") = "Bai001", "Bai001\Bai001.vcxproj", "{D671DE5B-9F13-4EBC-A9C6-77B8B1132A28}"
EndProject
Project("{8BC9CEB8-8B4A-11D0-8D11-00A0C91BC942}") = "Bai002", "Bai002\Bai002.vcxproj", "{D43EB6FB-D7AE-47E4-B36A-268E849C3F26}"
EndProject
Project("{8BC9CEB8-8B4A-11D0-8D11-00A0C91BC942}") = "Bai003", "Bai003\Bai003.vcxproj", "{EBDCDB36-DCFF-454D-B482-A593A49B12D9}"
EndProject
Project("{8BC9CEB8-8B4A-11D0-8D11-00A0C91BC942}") = "Bai004", "Bai004\Bai004.vcxproj", "{F14E17AE-DB06-40B2-83D0-3CCBA768FAAB}"
EndProject
Project("{8BC9CEB8-8B4A-11D0-8D11-00A0C91BC942}") = "Bai005", "Bai005\Bai005.vcxproj", "{34F27BF7-E4A3-4B0B-8FA7-4F9EFB5A8906}"
EndProject
Project("{8BC9CEB8-8B4A-11D0-8D11-00A0C91BC942}") = "Bai008", "Bai008\Bai008.vcxproj", "{94BD9347-8C66-4D98-AFDD-A310E8132A77}"
EndProject
Project("{8BC9CEB8-8B4A-11D0-8D11-00A0C91BC942}") = "Bai010", "Bai010\Bai010.vcxproj", "{A9EAD8BE-B15C-428D-BEE9-DF110A9EEE0E}"
EndProject
Project("{8BC9CEB8-8B4A-11D0-8D11-00A0C91BC942}") = "Bai012", "Bai012\Bai012.vcxproj", "{A09EF0AE-B49E-4004-A958-52EFD6423EA5}"
EndProject
Project("{8BC9CEB8-8B4A-11D0-8D11-00A0C91BC942}") = "Bai015", "Bai015\Bai015.vcxproj", "{4D7655C2-5D2F-4435-A78D-E38379D4DE64}"
EndProject
Project("{8BC9CEB8-8B4A-11D0-8D11-00A0C91BC942}") = "Bai018", "Bai018\Bai018.vcxproj", "{B16CB348-535C-4040-BE6C-3D83A844F566}"
EndProject
Project("{8BC9CEB8-8B4A-11D0-8D11-00A0C91BC942}") = "Bai020", "Bai020\Bai020.vcxproj", "{A21DB8AA-4034-42C2-9542-11014BE003EF}"
EndProject
Project("{8BC9CEB8-8B4A-11D0-8D11-00A0C91BC942}") = "Bai021", "Bai021\Bai021.vcxproj", "{28CD4AAD-3F77-4FFE-8884-8DCF8B7B8CB1}"
EndProject
Project("{8BC9CEB8-8B4A-11D0-8D11-00A0C91BC942}") = "Bai022", "Bai022\Bai022.vcxproj", "{72106372-2E70-41F0-BEDB-AB1CBB661C94}"
EndProject
Project("{8BC9CEB8-8B4A-11D0-8D11-00A0C91BC942}") = "Bai027", "Bai027\Bai027.vcxproj", "{68BEFF81-7ADC-41CC-8E76-C0B657484DF4}"
EndProject
Project("{8BC9CEB8-8B4A-11D0-8D11-00A0C91BC942}") = "Bai028", "Bai028\Bai028.vcxproj", "{227F2C55-37CA-4588-8BA1-B915E0A32B47}"
EndProject
Project("{8BC9CEB8-8B4A-11D0-8D11-00A0C91BC942}") = "Bai030", "Bai030\Bai030.vcxproj", "{3670E086-952A-4B6D-AF05-7154B3D337F0}"
EndProject
Project("{8BC9CEB8-8B4A-11D0-8D11-00A0C91BC942}") = "Bai033", "Bi033\Bi033.vcxproj", "{8877B1CC-F604-4F99-B0B0-0EE92EFF04C2}"
EndProject
Project("{8BC9CEB8-8B4A-11D0-8D11-00A0C91BC942}") = "Bai034", "Bai034\Bai034.vcxproj", "{0631F8DB-2351-4097-9F39-8E6D8F71FDF3}"
EndProject
Project("{8BC9CEB8-8B4A-11D0-8D11-00A0C91BC942}") = "Bai040", "Bai040\Bai040.vcxproj", "{7E81A0B0-0579-4317-80CE-A3627AB7EBEE}"
EndProject
Project("{8BC9CEB8-8B4A-11D0-8D11-00A0C91BC942}") = "Bai045", "Bai045\Bai045.vcxproj", "{FD2564AF-50D5-4CA8-B59A-F0A948708540}"
EndProject
Project("{8BC9CEB8-8B4A-11D0-8D11-00A0C91BC942}") = "Bai050", "Bai050\Bai050.vcxproj", "{1B1C6673-BE63-47E7-8A23-531B66AEE5E8}"
EndProject
Project("{8BC9CEB8-8B4A-11D0-8D11-00A0C91BC942}") = "Bai053", "Bai053\Bai053.vcxproj", "{7E998D55-BFB7-4E9A-8855-E771159106D6}"
EndProject
Project("{8BC9CEB8-8B4A-11D0-8D11-00A0C91BC942}") = "Bai058", "Bai058\Bai058.vcxproj", "{D79E2015-D96B-4022-8EAE-7ECB69246462}"
EndProject
Project("{8BC9CEB8-8B4A-11D0-8D11-00A0C91BC942}") = "Bai059", "Bai059\Bai059.vcxproj", "{325BDC00-125F-4E59-A221-7B91677D52DB}"
EndProject
Project("{8BC9CEB8-8B4A-11D0-8D11-00A0C91BC942}") = "Bai063", "Bai063\Bai063.vcxproj", "{AEA333B1-096C-4583-90B4-9BF8CDC37B76}"
EndProject
Project("{8BC9CEB8-8B4A-11D0-8D11-00A0C91BC942}") = "Bai064", "Bai064\Bai064.vcxproj", "{4764FEB6-E830-47B2-AF09-3596BC62ADBE}"
EndProject
Project("{8BC9CEB8-8B4A-11D0-8D11-00A0C91BC942}") = "Bai072", "Bai072\Bai072.vcxproj", "{6DB4CCA0-7D1F-4094-8351-E17850AE04F4}"
EndProject
Project("{8BC9CEB8-8B4A-11D0-8D11-00A0C91BC942}") = "Bai074", "Bai074\Bai074.vcxproj", "{248CDC82-DB0F-4534-8695-25E2025EA66A}"
EndProject
Project("{8BC9CEB8-8B4A-11D0-8D11-00A0C91BC942}") = "Bai075", "Bai075\Bai075.vcxproj", "{CE3400AD-5777-4E8A-A0C8-82591315EE52}"
EndProject
Project("{8BC9CEB8-8B4A-11D0-8D11-00A0C91BC942}") = "Bai077", "Bai077\Bai077.vcxproj", "{93113F02-608C-44C0-95F6-BA18E493F534}"
EndProject
Project("{8BC9CEB8-8B4A-11D0-8D11-00A0C91BC942}") = "Bai079", "Bai079\Bai079.vcxproj", "{21EE39B0-DC1D-40A2-8A2C-0577BF19993E}"
EndProject
Project("{8BC9CEB8-8B4A-11D0-8D11-00A0C91BC942}") = "Bai085", "Bai085\Bai085.vcxproj", "{0BEA6F09-39C0-4CCC-8B51-EC7D20A93FD1}"
EndProject
Project("{8BC9CEB8-8B4A-11D0-8D11-00A0C91BC942}") = "Bai096", "Bai096\Bai096.vcxproj", "{1D4F9CA8-E029-4ADB-8F35-5171D033F73D}"
EndProject
Project("{8BC9CEB8-8B4A-11D0-8D11-00A0C91BC942}") = "Bai097", "Bai097\Bai097.vcxproj", "{3FFB835E-6585-487C-8D9E-65F5679D4C6C}"
EndProject
Project("{8BC9CEB8-8B4A-11D0-8D11-00A0C91BC942}") = "Bai098", "Bai098\Bai098.vcxproj", "{DABC5C37-E14D-4BDE-8C70-A9247EE71D25}"
EndProject
Project("{8BC9CEB8-8B4A-11D0-8D11-00A0C91BC942}") = "Bai099", "Bai099\Bai099.vcxproj", "{578DE639-12A8-474D-B4B1-DD210772130D}"
EndProject
Project("{8BC9CEB8-8B4A-11D0-8D11-00A0C91BC942}") = "Bai107", "Bai107\Bai107.vcxproj", "{C4477864-2393-4FB2-99AC-2D403705BB95}"
EndProject
Project("{8BC9CEB8-8B4A-11D0-8D11-00A0C91BC942}") = "Bai117", "Bai117\Bai117.vcxproj", "{2F7DDA74-C4C4-4E83-B670-122DD6016F69}"
EndProject
Project("{8BC9CEB8-8B4A-11D0-8D11-00A0C91BC942}") = "Bai121", "Bai121\Bai121.vcxproj", "{7902D29D-84CB-4157-BFE7-F8FA7FAB4471}"
EndProject
Project("{8BC9CEB8-8B4A-11D0-8D11-00A0C91BC942}") = "Bai122", "Bai122\Bai122.vcxproj", "{6726439F-65CF-49A1-8169-CEEE54AB7A05}"
EndProject
Project("{8BC9CEB8-8B4A-11D0-8D11-00A0C91BC942}") = "Bai132", "Bai132\Bai132.vcxproj", "{1ECED788-D451-4C21-897B-03F801FAC646}"
EndProject
Project("{8BC9CEB8-8B4A-11D0-8D11-00A0C91BC942}") = "Bai135", "Bai135\Bai135.vcxproj", "{152C39FB-7FCB-471C-A85E-579CFF67EC91}"
EndProject
Project("{8BC9CEB8-8B4A-11D0-8D11-00A0C91BC942}") = "Bai137", "Bai137\Bai137.vcxproj", "{AEF4E654-89F7-4086-9642-85466D9720AA}"
EndProject
Project("{8BC9CEB8-8B4A-11D0-8D11-00A0C91BC942}") = "Bai138", "Bai138\Bai138.vcxproj", "{8C27D60C-7476-47B4-BE59-96F4969FFA07}"
EndProject
Project("{8BC9CEB8-8B4A-11D0-8D11-00A0C91BC942}") = "Bai139", "Bai139\Bai139.vcxproj", "{FA7EDB77-7F99-4792-A34F-BDB4FE9B7EC8}"
EndProject
Project("{8BC9CEB8-8B4A-11D0-8D11-00A0C91BC942}") = "Bai140", "Bai140\Bai140.vcxproj", "{EDF36BE2-2A87-4584-AD9F-7A2702D14ED4}"
EndProject
Project("{8BC9CEB8-8B4A-11D0-8D11-00A0C91BC942}") = "Bai144", "Bai144\Bai144.vcxproj", "{BD701258-3BFF-4C1F-9D40-4622B89F0C46}"
EndProject
Project("{8BC9CEB8-8B4A-11D0-8D11-00A0C91BC942}") = "Bai148", "Bai148\Bai148.vcxproj", "{F80C1970-6267-4F5C-B4C3-B62C41D367C3}"
EndProject
Project("{8BC9CEB8-8B4A-11D0-8D11-00A0C91BC942}") = "Bai149", "Bai149\Bai149.vcxproj", "{B7B1AC2D-9E3D-4DBA-9E9D-4F042A4735E3}"
EndProject
Project("{8BC9CEB8-8B4A-11D0-8D11-00A0C91BC942}") = "Bai150", "Bai150\Bai150.vcxproj", "{A55278A2-F3BC-45E5-B876-596F5CB9D2DA}"
EndProject
Project("{8BC9CEB8-8B4A-11D0-8D11-00A0C91BC942}") = "Bai154", "Bai154\Bai154.vcxproj", "{138209D2-C177-45E8-AC80-8C093D1E5918}"
EndProject
Project("{8BC9CEB8-8B4A-11D0-8D11-00A0C91BC942}") = "Bai160", "Bai160\Bai160.vcxproj", "{A165C4C2-0F9E-4EFA-8422-777CDC0729A5}"
EndProject
Project("{8BC9CEB8-8B4A-11D0-8D11-00A0C91BC942}") = "Bai161", "Bai161\Bai161.vcxproj", "{795BB0FB-BE47-475C-ACB9-174295ACBDF2}"
EndProject
Project("{8BC9CEB8-8B4A-11D0-8D11-00A0C91BC942}") = "Bai169", "Bai169\Bai169.vcxproj", "{E37BEC28-7258-49F9-A95F-07EBEBF5CDBD}"
EndProject
Project("{8BC9CEB8-8B4A-11D0-8D11-00A0C91BC942}") = "Bai173", "Bai173\Bai173.vcxproj", "{850A2401-C852-4972-984E-C6E6BA9B34A2}"
EndProject
Global
	GlobalSection(SolutionConfigurationPlatforms) = preSolution
		Debug|x64 = Debug|x64
		Debug|x86 = Debug|x86
		Release|x64 = Release|x64
		Release|x86 = Release|x86
	EndGlobalSection
	GlobalSection(ProjectConfigurationPlatforms) = postSolution
		{D671DE5B-9F13-4EBC-A9C6-77B8B1132A28}.Debug|x64.ActiveCfg = Debug|x64
		{D671DE5B-9F13-4EBC-A9C6-77B8B1132A28}.Debug|x64.Build.0 = Debug|x64
		{D671DE5B-9F13-4EBC-A9C6-77B8B1132A28}.Debug|x86.ActiveCfg = Debug|Win32
		{D671DE5B-9F13-4EBC-A9C6-77B8B1132A28}.Debug|x86.Build.0 = Debug|Win32
		{D671DE5B-9F13-4EBC-A9C6-77B8B1132A28}.Release|x64.ActiveCfg = Release|x64
		{D671DE5B-9F13-4EBC-A9C6-77B8B1132A28}.Release|x64.Build.0 = Release|x64
		{D671DE5B-9F13-4EBC-A9C6-77B8B1132A28}.Release|x86.ActiveCfg = Release|Win32
		{D671DE5B-9F13-4EBC-A9C6-77B8B1132A28}.Release|x86.Build.0 = Release|Win32
		{D43EB6FB-D7AE-47E4-B36A-268E849C3F26}.Debug|x64.ActiveCfg = Debug|x64
		{D43EB6FB-D7AE-47E4-B36A-268E849C3F26}.Debug|x64.Build.0 = Debug|x64
		{D43EB6FB-D7AE-47E4-B36A-268E849C3F26}.Debug|x86.ActiveCfg = Debug|Win32
		{D43EB6FB-D7AE-47E4-B36A-268E849C3F26}.Debug|x86.Build.0 = Debug|Win32
		{D43EB6FB-D7AE-47E4-B36A-268E849C3F26}.Release|x64.ActiveCfg = Release|x64
		{D43EB6FB-D7AE-47E4-B36A-268E849C3F26}.Release|x64.Build.0 = Release|x64
		{D43EB6FB-D7AE-47E4-B36A-268E849C3F26}.Release|x86.ActiveCfg = Release|Win32
		{D43EB6FB-D7AE-47E4-B36A-268E849C3F26}.Release|x86.Build.0 = Release|Win32
		{EBDCDB36-DCFF-454D-B482-A593A49B12D9}.Debug|x64.ActiveCfg = Debug|x64
		{EBDCDB36-DCFF-454D-B482-A593A49B12D9}.Debug|x64.Build.0 = Debug|x64
		{EBDCDB36-DCFF-454D-B482-A593A49B12D9}.Debug|x86.ActiveCfg = Debug|Win32
		{EBDCDB36-DCFF-454D-B482-A593A49B12D9}.Debug|x86.Build.0 = Debug|Win32
		{EBDCDB36-DCFF-454D-B482-A593A49B12D9}.Release|x64.ActiveCfg = Release|x64
		{EBDCDB36-DCFF-454D-B482-A593A49B12D9}.Release|x64.Build.0 = Release|x64
		{EBDCDB36-DCFF-454D-B482-A593A49B12D9}.Release|x86.ActiveCfg = Release|Win32
		{EBDCDB36-DCFF-454D-B482-A593A49B12D9}.Release|x86.Build.0 = Release|Win32
		{F14E17AE-DB06-40B2-83D0-3CCBA768FAAB}.Debug|x64.ActiveCfg = Debug|x64
		{F14E17AE-DB06-40B2-83D0-3CCBA768FAAB}.Debug|x64.Build.0 = Debug|x64
		{F14E17AE-DB06-40B2-83D0-3CCBA768FAAB}.Debug|x86.ActiveCfg = Debug|Win32
		{F14E17AE-DB06-40B2-83D0-3CCBA768FAAB}.Debug|x86.Build.0 = Debug|Win32
		{F14E17AE-DB06-40B2-83D0-3CCBA768FAAB}.Release|x64.ActiveCfg = Release|x64
		{F14E17AE-DB06-40B2-83D0-3CCBA768FAAB}.Release|x64.Build.0 = Release|x64
		{F14E17AE-DB06-40B2-83D0-3CCBA768FAAB}.Release|x86.ActiveCfg = Release|Win32
		{F14E17AE-DB06-40B2-83D0-3CCBA768FAAB}.Release|x86.Build.0 = Release|Win32
		{34F27BF7-E4A3-4B0B-8FA7-4F9EFB5A8906}.Debug|x64.ActiveCfg = Debug|x64
		{34F27BF7-E4A3-4B0B-8FA7-4F9EFB5A8906}.Debug|x64.Build.0 = Debug|x64
		{34F27BF7-E4A3-4B0B-8FA7-4F9EFB5A8906}.Debug|x86.ActiveCfg = Debug|Win32
		{34F27BF7-E4A3-4B0B-8FA7-4F9EFB5A8906}.Debug|x86.Build.0 = Debug|Win32
		{34F27BF7-E4A3-4B0B-8FA7-4F9EFB5A8906}.Release|x64.ActiveCfg = Release|x64
		{34F27BF7-E4A3-4B0B-8FA7-4F9EFB5A8906}.Release|x64.Build.0 = Release|x64
		{34F27BF7-E4A3-4B0B-8FA7-4F9EFB5A8906}.Release|x86.ActiveCfg = Release|Win32
		{34F27BF7-E4A3-4B0B-8FA7-4F9EFB5A8906}.Release|x86.Build.0 = Release|Win32
		{94BD9347-8C66-4D98-AFDD-A310E8132A77}.Debug|x64.ActiveCfg = Debug|x64
		{94BD9347-8C66-4D98-AFDD-A310E8132A77}.Debug|x64.Build.0 = Debug|x64
		{94BD9347-8C66-4D98-AFDD-A310E8132A77}.Debug|x86.ActiveCfg = Debug|Win32
		{94BD9347-8C66-4D98-AFDD-A310E8132A77}.Debug|x86.Build.0 = Debug|Win32
		{94BD9347-8C66-4D98-AFDD-A310E8132A77}.Release|x64.ActiveCfg = Release|x64
		{94BD9347-8C66-4D98-AFDD-A310E8132A77}.Release|x64.Build.0 = Release|x64
		{94BD9347-8C66-4D98-AFDD-A310E8132A77}.Release|x86.ActiveCfg = Release|Win32
		{94BD9347-8C66-4D98-AFDD-A310E8132A77}.Release|x86.Build.0 = Release|Win32
		{A9EAD8BE-B15C-428D-BEE9-DF110A9EEE0E}.Debug|x64.ActiveCfg = Debug|x64
		{A9EAD8BE-B15C-428D-BEE9-DF110A9EEE0E}.Debug|x64.Build.0 = Debug|x64
		{A9EAD8BE-B15C-428D-BEE9-DF110A9EEE0E}.Debug|x86.ActiveCfg = Debug|Win32
		{A9EAD8BE-B15C-428D-BEE9-DF110A9EEE0E}.Debug|x86.Build.0 = Debug|Win32
		{A9EAD8BE-B15C-428D-BEE9-DF110A9EEE0E}.Release|x64.ActiveCfg = Release|x64
		{A9EAD8BE-B15C-428D-BEE9-DF110A9EEE0E}.Release|x64.Build.0 = Release|x64
		{A9EAD8BE-B15C-428D-BEE9-DF110A9EEE0E}.Release|x86.ActiveCfg = Release|Win32
		{A9EAD8BE-B15C-428D-BEE9-DF110A9EEE0E}.Release|x86.Build.0 = Release|Win32
		{A09EF0AE-B49E-4004-A958-52EFD6423EA5}.Debug|x64.ActiveCfg = Debug|x64
		{A09EF0AE-B49E-4004-A958-52EFD6423EA5}.Debug|x64.Build.0 = Debug|x64
		{A09EF0AE-B49E-4004-A958-52EFD6423EA5}.Debug|x86.ActiveCfg = Debug|Win32
		{A09EF0AE-B49E-4004-A958-52EFD6423EA5}.Debug|x86.Build.0 = Debug|Win32
		{A09EF0AE-B49E-4004-A958-52EFD6423EA5}.Release|x64.ActiveCfg = Release|x64
		{A09EF0AE-B49E-4004-A958-52EFD6423EA5}.Release|x64.Build.0 = Release|x64
		{A09EF0AE-B49E-4004-A958-52EFD6423EA5}.Release|x86.ActiveCfg = Release|Win32
		{A09EF0AE-B49E-4004-A958-52EFD6423EA5}.Release|x86.Build.0 = Release|Win32
		{4D7655C2-5D2F-4435-A78D-E38379D4DE64}.Debug|x64.ActiveCfg = Debug|x64
		{4D7655C2-5D2F-4435-A78D-E38379D4DE64}.Debug|x64.Build.0 = Debug|x64
		{4D7655C2-5D2F-4435-A78D-E38379D4DE64}.Debug|x86.ActiveCfg = Debug|Win32
		{4D7655C2-5D2F-4435-A78D-E38379D4DE64}.Debug|x86.Build.0 = Debug|Win32
		{4D7655C2-5D2F-4435-A78D-E38379D4DE64}.Release|x64.ActiveCfg = Release|x64
		{4D7655C2-5D2F-4435-A78D-E38379D4DE64}.Release|x64.Build.0 = Release|x64
		{4D7655C2-5D2F-4435-A78D-E38379D4DE64}.Release|x86.ActiveCfg = Release|Win32
		{4D7655C2-5D2F-4435-A78D-E38379D4DE64}.Release|x86.Build.0 = Release|Win32
		{B16CB348-535C-4040-BE6C-3D83A844F566}.Debug|x64.ActiveCfg = Debug|x64
		{B16CB348-535C-4040-BE6C-3D83A844F566}.Debug|x64.Build.0 = Debug|x64
		{B16CB348-535C-4040-BE6C-3D83A844F566}.Debug|x86.ActiveCfg = Debug|Win32
		{B16CB348-535C-4040-BE6C-3D83A844F566}.Debug|x86.Build.0 = Debug|Win32
		{B16CB348-535C-4040-BE6C-3D83A844F566}.Release|x64.ActiveCfg = Release|x64
		{B16CB348-535C-4040-BE6C-3D83A844F566}.Release|x64.Build.0 = Release|x64
		{B16CB348-535C-4040-BE6C-3D83A844F566}.Release|x86.ActiveCfg = Release|Win32
		{B16CB348-535C-4040-BE6C-3D83A844F566}.Release|x86.Build.0 = Release|Win32
		{A21DB8AA-4034-42C2-9542-11014BE003EF}.Debug|x64.ActiveCfg = Debug|x64
		{A21DB8AA-4034-42C2-9542-11014BE003EF}.Debug|x64.Build.0 = Debug|x64
		{A21DB8AA-4034-42C2-9542-11014BE003EF}.Debug|x86.ActiveCfg = Debug|Win32
		{A21DB8AA-4034-42C2-9542-11014BE003EF}.Debug|x86.Build.0 = Debug|Win32
		{A21DB8AA-4034-42C2-9542-11014BE003EF}.Release|x64.ActiveCfg = Release|x64
		{A21DB8AA-4034-42C2-9542-11014BE003EF}.Release|x64.Build.0 = Release|x64
		{A21DB8AA-4034-42C2-9542-11014BE003EF}.Release|x86.ActiveCfg = Release|Win32
		{A21DB8AA-4034-42C2-9542-11014BE003EF}.Release|x86.Build.0 = Release|Win32
		{28CD4AAD-3F77-4FFE-8884-8DCF8B7B8CB1}.Debug|x64.ActiveCfg = Debug|x64
		{28CD4AAD-3F77-4FFE-8884-8DCF8B7B8CB1}.Debug|x64.Build.0 = Debug|x64
		{28CD4AAD-3F77-4FFE-8884-8DCF8B7B8CB1}.Debug|x86.ActiveCfg = Debug|Win32
		{28CD4AAD-3F77-4FFE-8884-8DCF8B7B8CB1}.Debug|x86.Build.0 = Debug|Win32
		{28CD4AAD-3F77-4FFE-8884-8DCF8B7B8CB1}.Release|x64.ActiveCfg = Release|x64
		{28CD4AAD-3F77-4FFE-8884-8DCF8B7B8CB1}.Release|x64.Build.0 = Release|x64
		{28CD4AAD-3F77-4FFE-8884-8DCF8B7B8CB1}.Release|x86.ActiveCfg = Release|Win32
		{28CD4AAD-3F77-4FFE-8884-8DCF8B7B8CB1}.Release|x86.Build.0 = Release|Win32
		{72106372-2E70-41F0-BEDB-AB1CBB661C94}.Debug|x64.ActiveCfg = Debug|x64
		{72106372-2E70-41F0-BEDB-AB1CBB661C94}.Debug|x64.Build.0 = Debug|x64
		{72106372-2E70-41F0-BEDB-AB1CBB661C94}.Debug|x86.ActiveCfg = Debug|Win32
		{72106372-2E70-41F0-BEDB-AB1CBB661C94}.Debug|x86.Build.0 = Debug|Win32
		{72106372-2E70-41F0-BEDB-AB1CBB661C94}.Release|x64.ActiveCfg = Release|x64
		{72106372-2E70-41F0-BEDB-AB1CBB661C94}.Release|x64.Build.0 = Release|x64
		{72106372-2E70-41F0-BEDB-AB1CBB661C94}.Release|x86.ActiveCfg = Release|Win32
		{72106372-2E70-41F0-BEDB-AB1CBB661C94}.Release|x86.Build.0 = Release|Win32
		{68BEFF81-7ADC-41CC-8E76-C0B657484DF4}.Debug|x64.ActiveCfg = Debug|x64
		{68BEFF81-7ADC-41CC-8E76-C0B657484DF4}.Debug|x64.Build.0 = Debug|x64
		{68BEFF81-7ADC-41CC-8E76-C0B657484DF4}.Debug|x86.ActiveCfg = Debug|Win32
		{68BEFF81-7ADC-41CC-8E76-C0B657484DF4}.Debug|x86.Build.0 = Debug|Win32
		{68BEFF81-7ADC-41CC-8E76-C0B657484DF4}.Release|x64.ActiveCfg = Release|x64
		{68BEFF81-7ADC-41CC-8E76-C0B657484DF4}.Release|x64.Build.0 = Release|x64
		{68BEFF81-7ADC-41CC-8E76-C0B657484DF4}.Release|x86.ActiveCfg = Release|Win32
		{68BEFF81-7ADC-41CC-8E76-C0B657484DF4}.Release|x86.Build.0 = Release|Win32
		{227F2C55-37CA-4588-8BA1-B915E0A32B47}.Debug|x64.ActiveCfg = Debug|x64
		{227F2C55-37CA-4588-8BA1-B915E0A32B47}.Debug|x64.Build.0 = Debug|x64
		{227F2C55-37CA-4588-8BA1-B915E0A32B47}.Debug|x86.ActiveCfg = Debug|Win32
		{227F2C55-37CA-4588-8BA1-B915E0A32B47}.Debug|x86.Build.0 = Debug|Win32
		{227F2C55-37CA-4588-8BA1-B915E0A32B47}.Release|x64.ActiveCfg = Release|x64
		{227F2C55-37CA-4588-8BA1-B915E0A32B47}.Release|x64.Build.0 = Release|x64
		{227F2C55-37CA-4588-8BA1-B915E0A32B47}.Release|x86.ActiveCfg = Release|Win32
		{227F2C55-37CA-4588-8BA1-B915E0A32B47}.Release|x86.Build.0 = Release|Win32
		{3670E086-952A-4B6D-AF05-7154B3D337F0}.Debug|x64.ActiveCfg = Debug|x64
		{3670E086-952A-4B6D-AF05-7154B3D337F0}.Debug|x64.Build.0 = Debug|x64
		{3670E086-952A-4B6D-AF05-7154B3D337F0}.Debug|x86.ActiveCfg = Debug|Win32
		{3670E086-952A-4B6D-AF05-7154B3D337F0}.Debug|x86.Build.0 = Debug|Win32
		{3670E086-952A-4B6D-AF05-7154B3D337F0}.Release|x64.ActiveCfg = Release|x64
		{3670E086-952A-4B6D-AF05-7154B3D337F0}.Release|x64.Build.0 = Release|x64
		{3670E086-952A-4B6D-AF05-7154B3D337F0}.Release|x86.ActiveCfg = Release|Win32
		{3670E086-952A-4B6D-AF05-7154B3D337F0}.Release|x86.Build.0 = Release|Win32
		{8877B1CC-F604-4F99-B0B0-0EE92EFF04C2}.Debug|x64.ActiveCfg = Debug|x64
		{8877B1CC-F604-4F99-B0B0-0EE92EFF04C2}.Debug|x64.Build.0 = Debug|x64
		{8877B1CC-F604-4F99-B0B0-0EE92EFF04C2}.Debug|x86.ActiveCfg = Debug|Win32
		{8877B1CC-F604-4F99-B0B0-0EE92EFF04C2}.Debug|x86.Build.0 = Debug|Win32
		{8877B1CC-F604-4F99-B0B0-0EE92EFF04C2}.Release|x64.ActiveCfg = Release|x64
		{8877B1CC-F604-4F99-B0B0-0EE92EFF04C2}.Release|x64.Build.0 = Release|x64
		{8877B1CC-F604-4F99-B0B0-0EE92EFF04C2}.Release|x86.ActiveCfg = Release|Win32
		{8877B1CC-F604-4F99-B0B0-0EE92EFF04C2}.Release|x86.Build.0 = Release|Win32
		{0631F8DB-2351-4097-9F39-8E6D8F71FDF3}.Debug|x64.ActiveCfg = Debug|x64
		{0631F8DB-2351-4097-9F39-8E6D8F71FDF3}.Debug|x64.Build.0 = Debug|x64
		{0631F8DB-2351-4097-9F39-8E6D8F71FDF3}.Debug|x86.ActiveCfg = Debug|Win32
		{0631F8DB-2351-4097-9F39-8E6D8F71FDF3}.Debug|x86.Build.0 = Debug|Win32
		{0631F8DB-2351-4097-9F39-8E6D8F71FDF3}.Release|x64.ActiveCfg = Release|x64
		{0631F8DB-2351-4097-9F39-8E6D8F71FDF3}.Release|x64.Build.0 = Release|x64
		{0631F8DB-2351-4097-9F39-8E6D8F71FDF3}.Release|x86.ActiveCfg = Release|Win32
		{0631F8DB-2351-4097-9F39-8E6D8F71FDF3}.Release|x86.Build.0 = Release|Win32
		{7E81A0B0-0579-4317-80CE-A3627AB7EBEE}.Debug|x64.ActiveCfg = Debug|x64
		{7E81A0B0-0579-4317-80CE-A3627AB7EBEE}.Debug|x64.Build.0 = Debug|x64
		{7E81A0B0-0579-4317-80CE-A3627AB7EBEE}.Debug|x86.ActiveCfg = Debug|Win32
		{7E81A0B0-0579-4317-80CE-A3627AB7EBEE}.Debug|x86.Build.0 = Debug|Win32
		{7E81A0B0-0579-4317-80CE-A3627AB7EBEE}.Release|x64.ActiveCfg = Release|x64
		{7E81A0B0-0579-4317-80CE-A3627AB7EBEE}.Release|x64.Build.0 = Release|x64
		{7E81A0B0-0579-4317-80CE-A3627AB7EBEE}.Release|x86.ActiveCfg = Release|Win32
		{7E81A0B0-0579-4317-80CE-A3627AB7EBEE}.Release|x86.Build.0 = Release|Win32
		{FD2564AF-50D5-4CA8-B59A-F0A948708540}.Debug|x64.ActiveCfg = Debug|x64
		{FD2564AF-50D5-4CA8-B59A-F0A948708540}.Debug|x64.Build.0 = Debug|x64
		{FD2564AF-50D5-4CA8-B59A-F0A948708540}.Debug|x86.ActiveCfg = Debug|Win32
		{FD2564AF-50D5-4CA8-B59A-F0A948708540}.Debug|x86.Build.0 = Debug|Win32
		{FD2564AF-50D5-4CA8-B59A-F0A948708540}.Release|x64.ActiveCfg = Release|x64
		{FD2564AF-50D5-4CA8-B59A-F0A948708540}.Release|x64.Build.0 = Release|x64
		{FD2564AF-50D5-4CA8-B59A-F0A948708540}.Release|x86.ActiveCfg = Release|Win32
		{FD2564AF-50D5-4CA8-B59A-F0A948708540}.Release|x86.Build.0 = Release|Win32
		{1B1C6673-BE63-47E7-8A23-531B66AEE5E8}.Debug|x64.ActiveCfg = Debug|x64
		{1B1C6673-BE63-47E7-8A23-531B66AEE5E8}.Debug|x64.Build.0 = Debug|x64
		{1B1C6673-BE63-47E7-8A23-531B66AEE5E8}.Debug|x86.ActiveCfg = Debug|Win32
		{1B1C6673-BE63-47E7-8A23-531B66AEE5E8}.Debug|x86.Build.0 = Debug|Win32
		{1B1C6673-BE63-47E7-8A23-531B66AEE5E8}.Release|x64.ActiveCfg = Release|x64
		{1B1C6673-BE63-47E7-8A23-531B66AEE5E8}.Release|x64.Build.0 = Release|x64
		{1B1C6673-BE63-47E7-8A23-531B66AEE5E8}.Release|x86.ActiveCfg = Release|Win32
		{1B1C6673-BE63-47E7-8A23-531B66AEE5E8}.Release|x86.Build.0 = Release|Win32
		{7E998D55-BFB7-4E9A-8855-E771159106D6}.Debug|x64.ActiveCfg = Debug|x64
		{7E998D55-BFB7-4E9A-8855-E771159106D6}.Debug|x64.Build.0 = Debug|x64
		{7E998D55-BFB7-4E9A-8855-E771159106D6}.Debug|x86.ActiveCfg = Debug|Win32
		{7E998D55-BFB7-4E9A-8855-E771159106D6}.Debug|x86.Build.0 = Debug|Win32
		{7E998D55-BFB7-4E9A-8855-E771159106D6}.Release|x64.ActiveCfg = Release|x64
		{7E998D55-BFB7-4E9A-8855-E771159106D6}.Release|x64.Build.0 = Release|x64
		{7E998D55-BFB7-4E9A-8855-E771159106D6}.Release|x86.ActiveCfg = Release|Win32
		{7E998D55-BFB7-4E9A-8855-E771159106D6}.Release|x86.Build.0 = Release|Win32
		{D79E2015-D96B-4022-8EAE-7ECB69246462}.Debug|x64.ActiveCfg = Debug|x64
		{D79E2015-D96B-4022-8EAE-7ECB69246462}.Debug|x64.Build.0 = Debug|x64
		{D79E2015-D96B-4022-8EAE-7ECB69246462}.Debug|x86.ActiveCfg = Debug|Win32
		{D79E2015-D96B-4022-8EAE-7ECB69246462}.Debug|x86.Build.0 = Debug|Win32
		{D79E2015-D96B-4022-8EAE-7ECB69246462}.Release|x64.ActiveCfg = Release|x64
		{D79E2015-D96B-4022-8EAE-7ECB69246462}.Release|x64.Build.0 = Release|x64
		{D79E2015-D96B-4022-8EAE-7ECB69246462}.Release|x86.ActiveCfg = Release|Win32
		{D79E2015-D96B-4022-8EAE-7ECB69246462}.Release|x86.Build.0 = Release|Win32
		{325BDC00-125F-4E59-A221-7B91677D52DB}.Debug|x64.ActiveCfg = Debug|x64
		{325BDC00-125F-4E59-A221-7B91677D52DB}.Debug|x64.Build.0 = Debug|x64
		{325BDC00-125F-4E59-A221-7B91677D52DB}.Debug|x86.ActiveCfg = Debug|Win32
		{325BDC00-125F-4E59-A221-7B91677D52DB}.Debug|x86.Build.0 = Debug|Win32
		{325BDC00-125F-4E59-A221-7B91677D52DB}.Release|x64.ActiveCfg = Release|x64
		{325BDC00-125F-4E59-A221-7B91677D52DB}.Release|x64.Build.0 = Release|x64
		{325BDC00-125F-4E59-A221-7B91677D52DB}.Release|x86.ActiveCfg = Release|Win32
		{325BDC00-125F-4E59-A221-7B91677D52DB}.Release|x86.Build.0 = Release|Win32
		{AEA333B1-096C-4583-90B4-9BF8CDC37B76}.Debug|x64.ActiveCfg = Debug|x64
		{AEA333B1-096C-4583-90B4-9BF8CDC37B76}.Debug|x64.Build.0 = Debug|x64
		{AEA333B1-096C-4583-90B4-9BF8CDC37B76}.Debug|x86.ActiveCfg = Debug|Win32
		{AEA333B1-096C-4583-90B4-9BF8CDC37B76}.Debug|x86.Build.0 = Debug|Win32
		{AEA333B1-096C-4583-90B4-9BF8CDC37B76}.Release|x64.ActiveCfg = Release|x64
		{AEA333B1-096C-4583-90B4-9BF8CDC37B76}.Release|x64.Build.0 = Release|x64
		{AEA333B1-096C-4583-90B4-9BF8CDC37B76}.Release|x86.ActiveCfg = Release|Win32
		{AEA333B1-096C-4583-90B4-9BF8CDC37B76}.Release|x86.Build.0 = Release|Win32
		{4764FEB6-E830-47B2-AF09-3596BC62ADBE}.Debug|x64.ActiveCfg = Debug|x64
		{4764FEB6-E830-47B2-AF09-3596BC62ADBE}.Debug|x64.Build.0 = Debug|x64
		{4764FEB6-E830-47B2-AF09-3596BC62ADBE}.Debug|x86.ActiveCfg = Debug|Win32
		{4764FEB6-E830-47B2-AF09-3596BC62ADBE}.Debug|x86.Build.0 = Debug|Win32
		{4764FEB6-E830-47B2-AF09-3596BC62ADBE}.Release|x64.ActiveCfg = Release|x64
		{4764FEB6-E830-47B2-AF09-3596BC62ADBE}.Release|x64.Build.0 = Release|x64
		{4764FEB6-E830-47B2-AF09-3596BC62ADBE}.Release|x86.ActiveCfg = Release|Win32
		{4764FEB6-E830-47B2-AF09-3596BC62ADBE}.Release|x86.Build.0 = Release|Win32
		{6DB4CCA0-7D1F-4094-8351-E17850AE04F4}.Debug|x64.ActiveCfg = Debug|x64
		{6DB4CCA0-7D1F-4094-8351-E17850AE04F4}.Debug|x64.Build.0 = Debug|x64
		{6DB4CCA0-7D1F-4094-8351-E17850AE04F4}.Debug|x86.ActiveCfg = Debug|Win32
		{6DB4CCA0-7D1F-4094-8351-E17850AE04F4}.Debug|x86.Build.0 = Debug|Win32
		{6DB4CCA0-7D1F-4094-8351-E17850AE04F4}.Release|x64.ActiveCfg = Release|x64
		{6DB4CCA0-7D1F-4094-8351-E17850AE04F4}.Release|x64.Build.0 = Release|x64
		{6DB4CCA0-7D1F-4094-8351-E17850AE04F4}.Release|x86.ActiveCfg = Release|Win32
		{6DB4CCA0-7D1F-4094-8351-E17850AE04F4}.Release|x86.Build.0 = Release|Win32
		{248CDC82-DB0F-4534-8695-25E2025EA66A}.Debug|x64.ActiveCfg = Debug|x64
		{248CDC82-DB0F-4534-8695-25E2025EA66A}.Debug|x64.Build.0 = Debug|x64
		{248CDC82-DB0F-4534-8695-25E2025EA66A}.Debug|x86.ActiveCfg = Debug|Win32
		{248CDC82-DB0F-4534-8695-25E2025EA66A}.Debug|x86.Build.0 = Debug|Win32
		{248CDC82-DB0F-4534-8695-25E2025EA66A}.Release|x64.ActiveCfg = Release|x64
		{248CDC82-DB0F-4534-8695-25E2025EA66A}.Release|x64.Build.0 = Release|x64
		{248CDC82-DB0F-4534-8695-25E2025EA66A}.Release|x86.ActiveCfg = Release|Win32
		{248CDC82-DB0F-4534-8695-25E2025EA66A}.Release|x86.Build.0 = Release|Win32
		{CE3400AD-5777-4E8A-A0C8-82591315EE52}.Debug|x64.ActiveCfg = Debug|x64
		{CE3400AD-5777-4E8A-A0C8-82591315EE52}.Debug|x64.Build.0 = Debug|x64
		{CE3400AD-5777-4E8A-A0C8-82591315EE52}.Debug|x86.ActiveCfg = Debug|Win32
		{CE3400AD-5777-4E8A-A0C8-82591315EE52}.Debug|x86.Build.0 = Debug|Win32
		{CE3400AD-5777-4E8A-A0C8-82591315EE52}.Release|x64.ActiveCfg = Release|x64
		{CE3400AD-5777-4E8A-A0C8-82591315EE52}.Release|x64.Build.0 = Release|x64
		{CE3400AD-5777-4E8A-A0C8-82591315EE52}.Release|x86.ActiveCfg = Release|Win32
		{CE3400AD-5777-4E8A-A0C8-82591315EE52}.Release|x86.Build.0 = Release|Win32
		{93113F02-608C-44C0-95F6-BA18E493F534}.Debug|x64.ActiveCfg = Debug|x64
		{93113F02-608C-44C0-95F6-BA18E493F534}.Debug|x64.Build.0 = Debug|x64
		{93113F02-608C-44C0-95F6-BA18E493F534}.Debug|x86.ActiveCfg = Debug|Win32
		{93113F02-608C-44C0-95F6-BA18E493F534}.Debug|x86.Build.0 = Debug|Win32
		{93113F02-608C-44C0-95F6-BA18E493F534}.Release|x64.ActiveCfg = Release|x64
		{93113F02-608C-44C0-95F6-BA18E493F534}.Release|x64.Build.0 = Release|x64
		{93113F02-608C-44C0-95F6-BA18E493F534}.Release|x86.ActiveCfg = Release|Win32
		{93113F02-608C-44C0-95F6-BA18E493F534}.Release|x86.Build.0 = Release|Win32
		{21EE39B0-DC1D-40A2-8A2C-0577BF19993E}.Debug|x64.ActiveCfg = Debug|x64
		{21EE39B0-DC1D-40A2-8A2C-0577BF19993E}.Debug|x64.Build.0 = Debug|x64
		{21EE39B0-DC1D-40A2-8A2C-0577BF19993E}.Debug|x86.ActiveCfg = Debug|Win32
		{21EE39B0-DC1D-40A2-8A2C-0577BF19993E}.Debug|x86.Build.0 = Debug|Win32
		{21EE39B0-DC1D-40A2-8A2C-0577BF19993E}.Release|x64.ActiveCfg = Release|x64
		{21EE39B0-DC1D-40A2-8A2C-0577BF19993E}.Release|x64.Build.0 = Release|x64
		{21EE39B0-DC1D-40A2-8A2C-0577BF19993E}.Release|x86.ActiveCfg = Release|Win32
		{21EE39B0-DC1D-40A2-8A2C-0577BF19993E}.Release|x86.Build.0 = Release|Win32
		{0BEA6F09-39C0-4CCC-8B51-EC7D20A93FD1}.Debug|x64.ActiveCfg = Debug|x64
		{0BEA6F09-39C0-4CCC-8B51-EC7D20A93FD1}.Debug|x64.Build.0 = Debug|x64
		{0BEA6F09-39C0-4CCC-8B51-EC7D20A93FD1}.Debug|x86.ActiveCfg = Debug|Win32
		{0BEA6F09-39C0-4CCC-8B51-EC7D20A93FD1}.Debug|x86.Build.0 = Debug|Win32
		{0BEA6F09-39C0-4CCC-8B51-EC7D20A93FD1}.Release|x64.ActiveCfg = Release|x64
		{0BEA6F09-39C0-4CCC-8B51-EC7D20A93FD1}.Release|x64.Build.0 = Release|x64
		{0BEA6F09-39C0-4CCC-8B51-EC7D20A93FD1}.Release|x86.ActiveCfg = Release|Win32
		{0BEA6F09-39C0-4CCC-8B51-EC7D20A93FD1}.Release|x86.Build.0 = Release|Win32
		{1D4F9CA8-E029-4ADB-8F35-5171D033F73D}.Debug|x64.ActiveCfg = Debug|x64
		{1D4F9CA8-E029-4ADB-8F35-5171D033F73D}.Debug|x64.Build.0 = Debug|x64
		{1D4F9CA8-E029-4ADB-8F35-5171D033F73D}.Debug|x86.ActiveCfg = Debug|Win32
		{1D4F9CA8-E029-4ADB-8F35-5171D033F73D}.Debug|x86.Build.0 = Debug|Win32
		{1D4F9CA8-E029-4ADB-8F35-5171D033F73D}.Release|x64.ActiveCfg = Release|x64
		{1D4F9CA8-E029-4ADB-8F35-5171D033F73D}.Release|x64.Build.0 = Release|x64
		{1D4F9CA8-E029-4ADB-8F35-5171D033F73D}.Release|x86.ActiveCfg = Release|Win32
		{1D4F9CA8-E029-4ADB-8F35-5171D033F73D}.Release|x86.Build.0 = Release|Win32
		{3FFB835E-6585-487C-8D9E-65F5679D4C6C}.Debug|x64.ActiveCfg = Debug|x64
		{3FFB835E-6585-487C-8D9E-65F5679D4C6C}.Debug|x64.Build.0 = Debug|x64
		{3FFB835E-6585-487C-8D9E-65F5679D4C6C}.Debug|x86.ActiveCfg = Debug|Win32
		{3FFB835E-6585-487C-8D9E-65F5679D4C6C}.Debug|x86.Build.0 = Debug|Win32
		{3FFB835E-6585-487C-8D9E-65F5679D4C6C}.Release|x64.ActiveCfg = Release|x64
		{3FFB835E-6585-487C-8D9E-65F5679D4C6C}.Release|x64.Build.0 = Release|x64
		{3FFB835E-6585-487C-8D9E-65F5679D4C6C}.Release|x86.ActiveCfg = Release|Win32
		{3FFB835E-6585-487C-8D9E-65F5679D4C6C}.Release|x86.Build.0 = Release|Win32
		{DABC5C37-E14D-4BDE-8C70-A9247EE71D25}.Debug|x64.ActiveCfg = Debug|x64
		{DABC5C37-E14D-4BDE-8C70-A9247EE71D25}.Debug|x64.Build.0 = Debug|x64
		{DABC5C37-E14D-4BDE-8C70-A9247EE71D25}.Debug|x86.ActiveCfg = Debug|Win32
		{DABC5C37-E14D-4BDE-8C70-A9247EE71D25}.Debug|x86.Build.0 = Debug|Win32
		{DABC5C37-E14D-4BDE-8C70-A9247EE71D25}.Release|x64.ActiveCfg = Release|x64
		{DABC5C37-E14D-4BDE-8C70-A9247EE71D25}.Release|x64.Build.0 = Release|x64
		{DABC5C37-E14D-4BDE-8C70-A9247EE71D25}.Release|x86.ActiveCfg = Release|Win32
		{DABC5C37-E14D-4BDE-8C70-A9247EE71D25}.Release|x86.Build.0 = Release|Win32
		{578DE639-12A8-474D-B4B1-DD210772130D}.Debug|x64.ActiveCfg = Debug|x64
		{578DE639-12A8-474D-B4B1-DD210772130D}.Debug|x64.Build.0 = Debug|x64
		{578DE639-12A8-474D-B4B1-DD210772130D}.Debug|x86.ActiveCfg = Debug|Win32
		{578DE639-12A8-474D-B4B1-DD210772130D}.Debug|x86.Build.0 = Debug|Win32
		{578DE639-12A8-474D-B4B1-DD210772130D}.Release|x64.ActiveCfg = Release|x64
		{578DE639-12A8-474D-B4B1-DD210772130D}.Release|x64.Build.0 = Release|x64
		{578DE639-12A8-474D-B4B1-DD210772130D}.Release|x86.ActiveCfg = Release|Win32
		{578DE639-12A8-474D-B4B1-DD210772130D}.Release|x86.Build.0 = Release|Win32
		{C4477864-2393-4FB2-99AC-2D403705BB95}.Debug|x64.ActiveCfg = Debug|x64
		{C4477864-2393-4FB2-99AC-2D403705BB95}.Debug|x64.Build.0 = Debug|x64
		{C4477864-2393-4FB2-99AC-2D403705BB95}.Debug|x86.ActiveCfg = Debug|Win32
		{C4477864-2393-4FB2-99AC-2D403705BB95}.Debug|x86.Build.0 = Debug|Win32
		{C4477864-2393-4FB2-99AC-2D403705BB95}.Release|x64.ActiveCfg = Release|x64
		{C4477864-2393-4FB2-99AC-2D403705BB95}.Release|x64.Build.0 = Release|x64
		{C4477864-2393-4FB2-99AC-2D403705BB95}.Release|x86.ActiveCfg = Release|Win32
		{C4477864-2393-4FB2-99AC-2D403705BB95}.Release|x86.Build.0 = Release|Win32
		{2F7DDA74-C4C4-4E83-B670-122DD6016F69}.Debug|x64.ActiveCfg = Debug|x64
		{2F7DDA74-C4C4-4E83-B670-122DD6016F69}.Debug|x64.Build.0 = Debug|x64
		{2F7DDA74-C4C4-4E83-B670-122DD6016F69}.Debug|x86.ActiveCfg = Debug|Win32
		{2F7DDA74-C4C4-4E83-B670-122DD6016F69}.Debug|x86.Build.0 = Debug|Win32
		{2F7DDA74-C4C4-4E83-B670-122DD6016F69}.Release|x64.ActiveCfg = Release|x64
		{2F7DDA74-C4C4-4E83-B670-122DD6016F69}.Release|x64.Build.0 = Release|x64
		{2F7DDA74-C4C4-4E83-B670-122DD6016F69}.Release|x86.ActiveCfg = Release|Win32
		{2F7DDA74-C4C4-4E83-B670-122DD6016F69}.Release|x86.Build.0 = Release|Win32
		{7902D29D-84CB-4157-BFE7-F8FA7FAB4471}.Debug|x64.ActiveCfg = Debug|x64
		{7902D29D-84CB-4157-BFE7-F8FA7FAB4471}.Debug|x64.Build.0 = Debug|x64
		{7902D29D-84CB-4157-BFE7-F8FA7FAB4471}.Debug|x86.ActiveCfg = Debug|Win32
		{7902D29D-84CB-4157-BFE7-F8FA7FAB4471}.Debug|x86.Build.0 = Debug|Win32
		{7902D29D-84CB-4157-BFE7-F8FA7FAB4471}.Release|x64.ActiveCfg = Release|x64
		{7902D29D-84CB-4157-BFE7-F8FA7FAB4471}.Release|x64.Build.0 = Release|x64
		{7902D29D-84CB-4157-BFE7-F8FA7FAB4471}.Release|x86.ActiveCfg = Release|Win32
		{7902D29D-84CB-4157-BFE7-F8FA7FAB4471}.Release|x86.Build.0 = Release|Win32
		{6726439F-65CF-49A1-8169-CEEE54AB7A05}.Debug|x64.ActiveCfg = Debug|x64
		{6726439F-65CF-49A1-8169-CEEE54AB7A05}.Debug|x64.Build.0 = Debug|x64
		{6726439F-65CF-49A1-8169-CEEE54AB7A05}.Debug|x86.ActiveCfg = Debug|Win32
		{6726439F-65CF-49A1-8169-CEEE54AB7A05}.Debug|x86.Build.0 = Debug|Win32
		{6726439F-65CF-49A1-8169-CEEE54AB7A05}.Release|x64.ActiveCfg = Release|x64
		{6726439F-65CF-49A1-8169-CEEE54AB7A05}.Release|x64.Build.0 = Release|x64
		{6726439F-65CF-49A1-8169-CEEE54AB7A05}.Release|x86.ActiveCfg = Release|Win32
		{6726439F-65CF-49A1-8169-CEEE54AB7A05}.Release|x86.Build.0 = Release|Win32
		{1ECED788-D451-4C21-897B-03F801FAC646}.Debug|x64.ActiveCfg = Debug|x64
		{1ECED788-D451-4C21-897B-03F801FAC646}.Debug|x64.Build.0 = Debug|x64
		{1ECED788-D451-4C21-897B-03F801FAC646}.Debug|x86.ActiveCfg = Debug|Win32
		{1ECED788-D451-4C21-897B-03F801FAC646}.Debug|x86.Build.0 = Debug|Win32
		{1ECED788-D451-4C21-897B-03F801FAC646}.Release|x64.ActiveCfg = Release|x64
		{1ECED788-D451-4C21-897B-03F801FAC646}.Release|x64.Build.0 = Release|x64
		{1ECED788-D451-4C21-897B-03F801FAC646}.Release|x86.ActiveCfg = Release|Win32
		{1ECED788-D451-4C21-897B-03F801FAC646}.Release|x86.Build.0 = Release|Win32
		{152C39FB-7FCB-471C-A85E-579CFF67EC91}.Debug|x64.ActiveCfg = Debug|x64
		{152C39FB-7FCB-471C-A85E-579CFF67EC91}.Debug|x64.Build.0 = Debug|x64
		{152C39FB-7FCB-471C-A85E-579CFF67EC91}.Debug|x86.ActiveCfg = Debug|Win32
		{152C39FB-7FCB-471C-A85E-579CFF67EC91}.Debug|x86.Build.0 = Debug|Win32
		{152C39FB-7FCB-471C-A85E-579CFF67EC91}.Release|x64.ActiveCfg = Release|x64
		{152C39FB-7FCB-471C-A85E-579CFF67EC91}.Release|x64.Build.0 = Release|x64
		{152C39FB-7FCB-471C-A85E-579CFF67EC91}.Release|x86.ActiveCfg = Release|Win32
		{152C39FB-7FCB-471C-A85E-579CFF67EC91}.Release|x86.Build.0 = Release|Win32
		{AEF4E654-89F7-4086-9642-85466D9720AA}.Debug|x64.ActiveCfg = Debug|x64
		{AEF4E654-89F7-4086-9642-85466D9720AA}.Debug|x64.Build.0 = Debug|x64
		{AEF4E654-89F7-4086-9642-85466D9720AA}.Debug|x86.ActiveCfg = Debug|Win32
		{AEF4E654-89F7-4086-9642-85466D9720AA}.Debug|x86.Build.0 = Debug|Win32
		{AEF4E654-89F7-4086-9642-85466D9720AA}.Release|x64.ActiveCfg = Release|x64
		{AEF4E654-89F7-4086-9642-85466D9720AA}.Release|x64.Build.0 = Release|x64
		{AEF4E654-89F7-4086-9642-85466D9720AA}.Release|x86.ActiveCfg = Release|Win32
		{AEF4E654-89F7-4086-9642-85466D9720AA}.Release|x86.Build.0 = Release|Win32
		{8C27D60C-7476-47B4-BE59-96F4969FFA07}.Debug|x64.ActiveCfg = Debug|x64
		{8C27D60C-7476-47B4-BE59-96F4969FFA07}.Debug|x64.Build.0 = Debug|x64
		{8C27D60C-7476-47B4-BE59-96F4969FFA07}.Debug|x86.ActiveCfg = Debug|Win32
		{8C27D60C-7476-47B4-BE59-96F4969FFA07}.Debug|x86.Build.0 = Debug|Win32
		{8C27D60C-7476-47B4-BE59-96F4969FFA07}.Release|x64.ActiveCfg = Release|x64
		{8C27D60C-7476-47B4-BE59-96F4969FFA07}.Release|x64.Build.0 = Release|x64
		{8C27D60C-7476-47B4-BE59-96F4969FFA07}.Release|x86.ActiveCfg = Release|Win32
		{8C27D60C-7476-47B4-BE59-96F4969FFA07}.Release|x86.Build.0 = Release|Win32
		{FA7EDB77-7F99-4792-A34F-BDB4FE9B7EC8}.Debug|x64.ActiveCfg = Debug|x64
		{FA7EDB77-7F99-4792-A34F-BDB4FE9B7EC8}.Debug|x64.Build.0 = Debug|x64
		{FA7EDB77-7F99-4792-A34F-BDB4FE9B7EC8}.Debug|x86.ActiveCfg = Debug|Win32
		{FA7EDB77-7F99-4792-A34F-BDB4FE9B7EC8}.Debug|x86.Build.0 = Debug|Win32
		{FA7EDB77-7F99-4792-A34F-BDB4FE9B7EC8}.Release|x64.ActiveCfg = Release|x64
		{FA7EDB77-7F99-4792-A34F-BDB4FE9B7EC8}.Release|x64.Build.0 = Release|x64
		{FA7EDB77-7F99-4792-A34F-BDB4FE9B7EC8}.Release|x86.ActiveCfg = Release|Win32
		{FA7EDB77-7F99-4792-A34F-BDB4FE9B7EC8}.Release|x86.Build.0 = Release|Win32
		{EDF36BE2-2A87-4584-AD9F-7A2702D14ED4}.Debug|x64.ActiveCfg = Debug|x64
		{EDF36BE2-2A87-4584-AD9F-7A2702D14ED4}.Debug|x64.Build.0 = Debug|x64
		{EDF36BE2-2A87-4584-AD9F-7A2702D14ED4}.Debug|x86.ActiveCfg = Debug|Win32
		{EDF36BE2-2A87-4584-AD9F-7A2702D14ED4}.Debug|x86.Build.0 = Debug|Win32
		{EDF36BE2-2A87-4584-AD9F-7A2702D14ED4}.Release|x64.ActiveCfg = Release|x64
		{EDF36BE2-2A87-4584-AD9F-7A2702D14ED4}.Release|x64.Build.0 = Release|x64
		{EDF36BE2-2A87-4584-AD9F-7A2702D14ED4}.Release|x86.ActiveCfg = Release|Win32
		{EDF36BE2-2A87-4584-AD9F-7A2702D14ED4}.Release|x86.Build.0 = Release|Win32
		{BD701258-3BFF-4C1F-9D40-4622B89F0C46}.Debug|x64.ActiveCfg = Debug|x64
		{BD701258-3BFF-4C1F-9D40-4622B89F0C46}.Debug|x64.Build.0 = Debug|x64
		{BD701258-3BFF-4C1F-9D40-4622B89F0C46}.Debug|x86.ActiveCfg = Debug|Win32
		{BD701258-3BFF-4C1F-9D40-4622B89F0C46}.Debug|x86.Build.0 = Debug|Win32
		{BD701258-3BFF-4C1F-9D40-4622B89F0C46}.Release|x64.ActiveCfg = Release|x64
		{BD701258-3BFF-4C1F-9D40-4622B89F0C46}.Release|x64.Build.0 = Release|x64
		{BD701258-3BFF-4C1F-9D40-4622B89F0C46}.Release|x86.ActiveCfg = Release|Win32
		{BD701258-3BFF-4C1F-9D40-4622B89F0C46}.Release|x86.Build.0 = Release|Win32
		{F80C1970-6267-4F5C-B4C3-B62C41D367C3}.Debug|x64.ActiveCfg = Debug|x64
		{F80C1970-6267-4F5C-B4C3-B62C41D367C3}.Debug|x64.Build.0 = Debug|x64
		{F80C1970-6267-4F5C-B4C3-B62C41D367C3}.Debug|x86.ActiveCfg = Debug|Win32
		{F80C1970-6267-4F5C-B4C3-B62C41D367C3}.Debug|x86.Build.0 = Debug|Win32
		{F80C1970-6267-4F5C-B4C3-B62C41D367C3}.Release|x64.ActiveCfg = Release|x64
		{F80C1970-6267-4F5C-B4C3-B62C41D367C3}.Release|x64.Build.0 = Release|x64
		{F80C1970-6267-4F5C-B4C3-B62C41D367C3}.Release|x86.ActiveCfg = Release|Win32
		{F80C1970-6267-4F5C-B4C3-B62C41D367C3}.Release|x86.Build.0 = Release|Win32
		{B7B1AC2D-9E3D-4DBA-9E9D-4F042A4735E3}.Debug|x64.ActiveCfg = Debug|x64
		{B7B1AC2D-9E3D-4DBA-9E9D-4F042A4735E3}.Debug|x64.Build.0 = Debug|x64
		{B7B1AC2D-9E3D-4DBA-9E9D-4F042A4735E3}.Debug|x86.ActiveCfg = Debug|Win32
		{B7B1AC2D-9E3D-4DBA-9E9D-4F042A4735E3}.Debug|x86.Build.0 = Debug|Win32
		{B7B1AC2D-9E3D-4DBA-9E9D-4F042A4735E3}.Release|x64.ActiveCfg = Release|x64
		{B7B1AC2D-9E3D-4DBA-9E9D-4F042A4735E3}.Release|x64.Build.0 = Release|x64
		{B7B1AC2D-9E3D-4DBA-9E9D-4F042A4735E3}.Release|x86.ActiveCfg = Release|Win32
		{B7B1AC2D-9E3D-4DBA-9E9D-4F042A4735E3}.Release|x86.Build.0 = Release|Win32
		{A55278A2-F3BC-45E5-B876-596F5CB9D2DA}.Debug|x64.ActiveCfg = Debug|x64
		{A55278A2-F3BC-45E5-B876-596F5CB9D2DA}.Debug|x64.Build.0 = Debug|x64
		{A55278A2-F3BC-45E5-B876-596F5CB9D2DA}.Debug|x86.ActiveCfg = Debug|Win32
		{A55278A2-F3BC-45E5-B876-596F5CB9D2DA}.Debug|x86.Build.0 = Debug|Win32
		{A55278A2-F3BC-45E5-B876-596F5CB9D2DA}.Release|x64.ActiveCfg = Release|x64
		{A55278A2-F3BC-45E5-B876-596F5CB9D2DA}.Release|x64.Build.0 = Release|x64
		{A55278A2-F3BC-45E5-B876-596F5CB9D2DA}.Release|x86.ActiveCfg = Release|Win32
		{A55278A2-F3BC-45E5-B876-596F5CB9D2DA}.Release|x86.Build.0 = Release|Win32
		{138209D2-C177-45E8-AC80-8C093D1E5918}.Debug|x64.ActiveCfg = Debug|x64
		{138209D2-C177-45E8-AC80-8C093D1E5918}.Debug|x64.Build.0 = Debug|x64
		{138209D2-C177-45E8-AC80-8C093D1E5918}.Debug|x86.ActiveCfg = Debug|Win32
		{138209D2-C177-45E8-AC80-8C093D1E5918}.Debug|x86.Build.0 = Debug|Win32
		{138209D2-C177-45E8-AC80-8C093D1E5918}.Release|x64.ActiveCfg = Release|x64
		{138209D2-C177-45E8-AC80-8C093D1E5918}.Release|x64.Build.0 = Release|x64
		{138209D2-C177-45E8-AC80-8C093D1E5918}.Release|x86.ActiveCfg = Release|Win32
		{138209D2-C177-45E8-AC80-8C093D1E5918}.Release|x86.Build.0 = Release|Win32
		{A165C4C2-0F9E-4EFA-8422-777CDC0729A5}.Debug|x64.ActiveCfg = Debug|x64
		{A165C4C2-0F9E-4EFA-8422-777CDC0729A5}.Debug|x64.Build.0 = Debug|x64
		{A165C4C2-0F9E-4EFA-8422-777CDC0729A5}.Debug|x86.ActiveCfg = Debug|Win32
		{A165C4C2-0F9E-4EFA-8422-777CDC0729A5}.Debug|x86.Build.0 = Debug|Win32
		{A165C4C2-0F9E-4EFA-8422-777CDC0729A5}.Release|x64.ActiveCfg = Release|x64
		{A165C4C2-0F9E-4EFA-8422-777CDC0729A5}.Release|x64.Build.0 = Release|x64
		{A165C4C2-0F9E-4EFA-8422-777CDC0729A5}.Release|x86.ActiveCfg = Release|Win32
		{A165C4C2-0F9E-4EFA-8422-777CDC0729A5}.Release|x86.Build.0 = Release|Win32
		{795BB0FB-BE47-475C-ACB9-174295ACBDF2}.Debug|x64.ActiveCfg = Debug|x64
		{795BB0FB-BE47-475C-ACB9-174295ACBDF2}.Debug|x64.Build.0 = Debug|x64
		{795BB0FB-BE47-475C-ACB9-174295ACBDF2}.Debug|x86.ActiveCfg = Debug|Win32
		{795BB0FB-BE47-475C-ACB9-174295ACBDF2}.Debug|x86.Build.0 = Debug|Win32
		{795BB0FB-BE47-475C-ACB9-174295ACBDF2}.Release|x64.ActiveCfg = Release|x64
		{795BB0FB-BE47-475C-ACB9-174295ACBDF2}.Release|x64.Build.0 = Release|x64
		{795BB0FB-BE47-475C-ACB9-174295ACBDF2}.Release|x86.ActiveCfg = Release|Win32
		{795BB0FB-BE47-475C-ACB9-174295ACBDF2}.Release|x86.Build.0 = Release|Win32
		{E37BEC28-7258-49F9-A95F-07EBEBF5CDBD}.Debug|x64.ActiveCfg = Debug|x64
		{E37BEC28-7258-49F9-A95F-07EBEBF5CDBD}.Debug|x64.Build.0 = Debug|x64
		{E37BEC28-7258-49F9-A95F-07EBEBF5CDBD}.Debug|x86.ActiveCfg = Debug|Win32
		{E37BEC28-7258-49F9-A95F-07EBEBF5CDBD}.Debug|x86.Build.0 = Debug|Win32
		{E37BEC28-7258-49F9-A95F-07EBEBF5CDBD}.Release|x64.ActiveCfg = Release|x64
		{E37BEC28-7258-49F9-A95F-07EBEBF5CDBD}.Release|x64.Build.0 = Release|x64
		{E37BEC28-7258-49F9-A95F-07EBEBF5CDBD}.Release|x86.ActiveCfg = Release|Win32
		{E37BEC28-7258-49F9-A95F-07EBEBF5CDBD}.Release|x86.Build.0 = Release|Win32
		{850A2401-C852-4972-984E-C6E6BA9B34A2}.Debug|x64.ActiveCfg = Debug|x64
		{850A2401-C852-4972-984E-C6E6BA9B34A2}.Debug|x64.Build.0 = Debug|x64
		{850A2401-C852-4972-984E-C6E6BA9B34A2}.Debug|x86.ActiveCfg = Debug|Win32
		{850A2401-C852-4972-984E-C6E6BA9B34A2}.Debug|x86.Build.0 = Debug|Win32
		{850A2401-C852-4972-984E-C6E6BA9B34A2}.Release|x64.ActiveCfg = Release|x64
		{850A2401-C852-4972-984E-C6E6BA9B34A2}.Release|x64.Build.0 = Release|x64
		{850A2401-C852-4972-984E-C6E6BA9B34A2}.Release|x86.ActiveCfg = Release|Win32
		{850A2401-C852-4972-984E-C6E6BA9B34A2}.Release|x86.Build.0 = Release|Win32
	EndGlobalSection
	GlobalSection(SolutionProperties) = preSolution
		HideSolutionNode = FALSE
	EndGlobalSection
	GlobalSection(ExtensibilityGlobals) = postSolution
		SolutionGuid = {29FF5DC9-92EC-4184-902D-168C3206E39D}
	EndGlobalSection
EndGlobal
